// !$*UTF8*$!
{
	archiveVersion = 1;
	classes = {
	};
	objectVersion = 46;
	objects = {

/* Begin PBXBuildFile section */
		8B03B2891A6F9FBE003FF5CF /* main.m in Sources */ = {isa = PBXBuildFile; fileRef = 8B03B2881A6F9FBE003FF5CF /* main.m */; };
		8B03B28C1A6F9FBE003FF5CF /* AppDelegate.m in Sources */ = {isa = PBXBuildFile; fileRef = 8B03B28B1A6F9FBE003FF5CF /* AppDelegate.m */; };
		8B03B28F1A6F9FBE003FF5CF /* ViewController.m in Sources */ = {isa = PBXBuildFile; fileRef = 8B03B28E1A6F9FBE003FF5CF /* ViewController.m */; };
		8B03B2921A6F9FBE003FF5CF /* Main.storyboard in Resources */ = {isa = PBXBuildFile; fileRef = 8B03B2901A6F9FBE003FF5CF /* Main.storyboard */; };
		8B03B2941A6F9FBE003FF5CF /* Images.xcassets in Resources */ = {isa = PBXBuildFile; fileRef = 8B03B2931A6F9FBE003FF5CF /* Images.xcassets */; };
		8B03B2971A6F9FBE003FF5CF /* LaunchScreen.xib in Resources */ = {isa = PBXBuildFile; fileRef = 8B03B2951A6F9FBE003FF5CF /* LaunchScreen.xib */; };
		8B03B2A31A6F9FBE003FF5CF /* ColorsTests.m in Sources */ = {isa = PBXBuildFile; fileRef = 8B03B2A21A6F9FBE003FF5CF /* ColorsTests.m */; };
		8B45A2AE1A71091D00AA5B3E /* Beacon.m in Sources */ = {isa = PBXBuildFile; fileRef = 8B45A2A91A71091D00AA5B3E /* Beacon.m */; };
		8B45A2AF1A71091D00AA5B3E /* BeaconHandler.m in Sources */ = {isa = PBXBuildFile; fileRef = 8B45A2AB1A71091D00AA5B3E /* BeaconHandler.m */; };
		8B45A2B01A71091D00AA5B3E /* BeaconRegion.m in Sources */ = {isa = PBXBuildFile; fileRef = 8B45A2AD1A71091D00AA5B3E /* BeaconRegion.m */; };
/* End PBXBuildFile section */

/* Begin PBXContainerItemProxy section */
		8B03B29D1A6F9FBE003FF5CF /* PBXContainerItemProxy */ = {
			isa = PBXContainerItemProxy;
			containerPortal = 8B03B27B1A6F9FBE003FF5CF /* Project object */;
			proxyType = 1;
			remoteGlobalIDString = 8B03B2821A6F9FBE003FF5CF;
			remoteInfo = Colors;
		};
/* End PBXContainerItemProxy section */

/* Begin PBXFileReference section */
		8B03B2831A6F9FBE003FF5CF /* Colors.app */ = {isa = PBXFileReference; explicitFileType = wrapper.application; includeInIndex = 0; path = Colors.app; sourceTree = BUILT_PRODUCTS_DIR; };
		8B03B2871A6F9FBE003FF5CF /* Info.plist */ = {isa = PBXFileReference; lastKnownFileType = text.plist.xml; path = Info.plist; sourceTree = "<group>"; };
		8B03B2881A6F9FBE003FF5CF /* main.m */ = {isa = PBXFileReference; lastKnownFileType = sourcecode.c.objc; path = main.m; sourceTree = "<group>"; };
		8B03B28A1A6F9FBE003FF5CF /* AppDelegate.h */ = {isa = PBXFileReference; lastKnownFileType = sourcecode.c.h; path = AppDelegate.h; sourceTree = "<group>"; };
		8B03B28B1A6F9FBE003FF5CF /* AppDelegate.m */ = {isa = PBXFileReference; lastKnownFileType = sourcecode.c.objc; path = AppDelegate.m; sourceTree = "<group>"; };
		8B03B28D1A6F9FBE003FF5CF /* ViewController.h */ = {isa = PBXFileReference; lastKnownFileType = sourcecode.c.h; path = ViewController.h; sourceTree = "<group>"; };
		8B03B28E1A6F9FBE003FF5CF /* ViewController.m */ = {isa = PBXFileReference; lastKnownFileType = sourcecode.c.objc; path = ViewController.m; sourceTree = "<group>"; };
		8B03B2911A6F9FBE003FF5CF /* Base */ = {isa = PBXFileReference; lastKnownFileType = file.storyboard; name = Base; path = Base.lproj/Main.storyboard; sourceTree = "<group>"; };
		8B03B2931A6F9FBE003FF5CF /* Images.xcassets */ = {isa = PBXFileReference; lastKnownFileType = folder.assetcatalog; path = Images.xcassets; sourceTree = "<group>"; };
		8B03B2961A6F9FBE003FF5CF /* Base */ = {isa = PBXFileReference; lastKnownFileType = file.xib; name = Base; path = Base.lproj/LaunchScreen.xib; sourceTree = "<group>"; };
		8B03B29C1A6F9FBE003FF5CF /* ColorsTests.xctest */ = {isa = PBXFileReference; explicitFileType = wrapper.cfbundle; includeInIndex = 0; path = ColorsTests.xctest; sourceTree = BUILT_PRODUCTS_DIR; };
		8B03B2A11A6F9FBE003FF5CF /* Info.plist */ = {isa = PBXFileReference; lastKnownFileType = text.plist.xml; path = Info.plist; sourceTree = "<group>"; };
		8B03B2A21A6F9FBE003FF5CF /* ColorsTests.m */ = {isa = PBXFileReference; lastKnownFileType = sourcecode.c.objc; path = ColorsTests.m; sourceTree = "<group>"; };
		8B45A2A81A71091D00AA5B3E /* Beacon.h */ = {isa = PBXFileReference; fileEncoding = 4; lastKnownFileType = sourcecode.c.h; path = Beacon.h; sourceTree = "<group>"; };
		8B45A2A91A71091D00AA5B3E /* Beacon.m */ = {isa = PBXFileReference; fileEncoding = 4; lastKnownFileType = sourcecode.c.objc; path = Beacon.m; sourceTree = "<group>"; };
		8B45A2AA1A71091D00AA5B3E /* BeaconHandler.h */ = {isa = PBXFileReference; fileEncoding = 4; lastKnownFileType = sourcecode.c.h; path = BeaconHandler.h; sourceTree = "<group>"; };
		8B45A2AB1A71091D00AA5B3E /* BeaconHandler.m */ = {isa = PBXFileReference; fileEncoding = 4; lastKnownFileType = sourcecode.c.objc; path = BeaconHandler.m; sourceTree = "<group>"; };
		8B45A2AC1A71091D00AA5B3E /* BeaconRegion.h */ = {isa = PBXFileReference; fileEncoding = 4; lastKnownFileType = sourcecode.c.h; path = BeaconRegion.h; sourceTree = "<group>"; };
		8B45A2AD1A71091D00AA5B3E /* BeaconRegion.m */ = {isa = PBXFileReference; fileEncoding = 4; lastKnownFileType = sourcecode.c.objc; path = BeaconRegion.m; sourceTree = "<group>"; };
/* End PBXFileReference section */

/* Begin PBXFrameworksBuildPhase section */
		8B03B2801A6F9FBE003FF5CF /* Frameworks */ = {
			isa = PBXFrameworksBuildPhase;
			buildActionMask = 2147483647;
			files = (
			);
			runOnlyForDeploymentPostprocessing = 0;
		};
		8B03B2991A6F9FBE003FF5CF /* Frameworks */ = {
			isa = PBXFrameworksBuildPhase;
			buildActionMask = 2147483647;
			files = (
			);
			runOnlyForDeploymentPostprocessing = 0;
		};
/* End PBXFrameworksBuildPhase section */

/* Begin PBXGroup section */
		8B03B27A1A6F9FBE003FF5CF = {
			isa = PBXGroup;
			children = (
				8B03B2851A6F9FBE003FF5CF /* Colors */,
				8B03B29F1A6F9FBE003FF5CF /* ColorsTests */,
				8B03B2841A6F9FBE003FF5CF /* Products */,
			);
			sourceTree = "<group>";
		};
		8B03B2841A6F9FBE003FF5CF /* Products */ = {
			isa = PBXGroup;
			children = (
				8B03B2831A6F9FBE003FF5CF /* Colors.app */,
				8B03B29C1A6F9FBE003FF5CF /* ColorsTests.xctest */,
			);
			name = Products;
			sourceTree = "<group>";
		};
		8B03B2851A6F9FBE003FF5CF /* Colors */ = {
			isa = PBXGroup;
			children = (
				8B45A2A71A71091D00AA5B3E /* Beacons */,
				8B03B28A1A6F9FBE003FF5CF /* AppDelegate.h */,
				8B03B28B1A6F9FBE003FF5CF /* AppDelegate.m */,
				8B03B28D1A6F9FBE003FF5CF /* ViewController.h */,
				8B03B28E1A6F9FBE003FF5CF /* ViewController.m */,
				8B03B2901A6F9FBE003FF5CF /* Main.storyboard */,
				8B03B2931A6F9FBE003FF5CF /* Images.xcassets */,
				8B03B2951A6F9FBE003FF5CF /* LaunchScreen.xib */,
				8B03B2861A6F9FBE003FF5CF /* Supporting Files */,
			);
			path = Colors;
			sourceTree = "<group>";
		};
		8B03B2861A6F9FBE003FF5CF /* Supporting Files */ = {
			isa = PBXGroup;
			children = (
				8B03B2871A6F9FBE003FF5CF /* Info.plist */,
				8B03B2881A6F9FBE003FF5CF /* main.m */,
			);
			name = "Supporting Files";
			sourceTree = "<group>";
		};
		8B03B29F1A6F9FBE003FF5CF /* ColorsTests */ = {
			isa = PBXGroup;
			children = (
				8B03B2A21A6F9FBE003FF5CF /* ColorsTests.m */,
				8B03B2A01A6F9FBE003FF5CF /* Supporting Files */,
			);
			path = ColorsTests;
			sourceTree = "<group>";
		};
		8B03B2A01A6F9FBE003FF5CF /* Supporting Files */ = {
			isa = PBXGroup;
			children = (
				8B03B2A11A6F9FBE003FF5CF /* Info.plist */,
			);
			name = "Supporting Files";
			sourceTree = "<group>";
		};
		8B45A2A71A71091D00AA5B3E /* Beacons */ = {
			isa = PBXGroup;
			children = (
				8B45A2A81A71091D00AA5B3E /* Beacon.h */,
				8B45A2A91A71091D00AA5B3E /* Beacon.m */,
				8B45A2AA1A71091D00AA5B3E /* BeaconHandler.h */,
				8B45A2AB1A71091D00AA5B3E /* BeaconHandler.m */,
				8B45A2AC1A71091D00AA5B3E /* BeaconRegion.h */,
				8B45A2AD1A71091D00AA5B3E /* BeaconRegion.m */,
			);
			path = Beacons;
			sourceTree = "<group>";
		};
/* End PBXGroup section */

/* Begin PBXNativeTarget section */
		8B03B2821A6F9FBE003FF5CF /* Colors */ = {
			isa = PBXNativeTarget;
			buildConfigurationList = 8B03B2A61A6F9FBE003FF5CF /* Build configuration list for PBXNativeTarget "Colors" */;
			buildPhases = (
				8B03B27F1A6F9FBE003FF5CF /* Sources */,
				8B03B2801A6F9FBE003FF5CF /* Frameworks */,
				8B03B2811A6F9FBE003FF5CF /* Resources */,
			);
			buildRules = (
			);
			dependencies = (
			);
			name = Colors;
			productName = Colors;
			productReference = 8B03B2831A6F9FBE003FF5CF /* Colors.app */;
			productType = "com.apple.product-type.application";
		};
		8B03B29B1A6F9FBE003FF5CF /* ColorsTests */ = {
			isa = PBXNativeTarget;
			buildConfigurationList = 8B03B2A91A6F9FBE003FF5CF /* Build configuration list for PBXNativeTarget "ColorsTests" */;
			buildPhases = (
				8B03B2981A6F9FBE003FF5CF /* Sources */,
				8B03B2991A6F9FBE003FF5CF /* Frameworks */,
				8B03B29A1A6F9FBE003FF5CF /* Resources */,
			);
			buildRules = (
			);
			dependencies = (
				8B03B29E1A6F9FBE003FF5CF /* PBXTargetDependency */,
			);
			name = ColorsTests;
			productName = ColorsTests;
			productReference = 8B03B29C1A6F9FBE003FF5CF /* ColorsTests.xctest */;
			productType = "com.apple.product-type.bundle.unit-test";
		};
/* End PBXNativeTarget section */

/* Begin PBXProject section */
		8B03B27B1A6F9FBE003FF5CF /* Project object */ = {
			isa = PBXProject;
			attributes = {
				LastUpgradeCheck = 0610;
				ORGANIZATIONNAME = ACME;
				TargetAttributes = {
					8B03B2821A6F9FBE003FF5CF = {
						CreatedOnToolsVersion = 6.1.1;
					};
					8B03B29B1A6F9FBE003FF5CF = {
						CreatedOnToolsVersion = 6.1.1;
						TestTargetID = 8B03B2821A6F9FBE003FF5CF;
					};
				};
			};
			buildConfigurationList = 8B03B27E1A6F9FBE003FF5CF /* Build configuration list for PBXProject "Colors" */;
			compatibilityVersion = "Xcode 3.2";
			developmentRegion = English;
			hasScannedForEncodings = 0;
			knownRegions = (
				en,
				Base,
			);
			mainGroup = 8B03B27A1A6F9FBE003FF5CF;
			productRefGroup = 8B03B2841A6F9FBE003FF5CF /* Products */;
			projectDirPath = "";
			projectRoot = "";
			targets = (
				8B03B2821A6F9FBE003FF5CF /* Colors */,
				8B03B29B1A6F9FBE003FF5CF /* ColorsTests */,
			);
		};
/* End PBXProject section */

/* Begin PBXResourcesBuildPhase section */
		8B03B2811A6F9FBE003FF5CF /* Resources */ = {
			isa = PBXResourcesBuildPhase;
			buildActionMask = 2147483647;
			files = (
				8B03B2921A6F9FBE003FF5CF /* Main.storyboard in Resources */,
				8B03B2971A6F9FBE003FF5CF /* LaunchScreen.xib in Resources */,
				8B03B2941A6F9FBE003FF5CF /* Images.xcassets in Resources */,
			);
			runOnlyForDeploymentPostprocessing = 0;
		};
		8B03B29A1A6F9FBE003FF5CF /* Resources */ = {
			isa = PBXResourcesBuildPhase;
			buildActionMask = 2147483647;
			files = (
			);
			runOnlyForDeploymentPostprocessing = 0;
		};
/* End PBXResourcesBuildPhase section */

/* Begin PBXSourcesBuildPhase section */
		8B03B27F1A6F9FBE003FF5CF /* Sources */ = {
			isa = PBXSourcesBuildPhase;
			buildActionMask = 2147483647;
			files = (
				8B03B28F1A6F9FBE003FF5CF /* ViewController.m in Sources */,
				8B03B28C1A6F9FBE003FF5CF /* AppDelegate.m in Sources */,
				8B45A2AE1A71091D00AA5B3E /* Beacon.m in Sources */,
				8B45A2B01A71091D00AA5B3E /* BeaconRegion.m in Sources */,
				8B03B2891A6F9FBE003FF5CF /* main.m in Sources */,
				8B45A2AF1A71091D00AA5B3E /* BeaconHandler.m in Sources */,
			);
			runOnlyForDeploymentPostprocessing = 0;
		};
		8B03B2981A6F9FBE003FF5CF /* Sources */ = {
			isa = PBXSourcesBuildPhase;
			buildActionMask = 2147483647;
			files = (
				8B03B2A31A6F9FBE003FF5CF /* ColorsTests.m in Sources */,
			);
			runOnlyForDeploymentPostprocessing = 0;
		};
/* End PBXSourcesBuildPhase section */

/* Begin PBXTargetDependency section */
		8B03B29E1A6F9FBE003FF5CF /* PBXTargetDependency */ = {
			isa = PBXTargetDependency;
			target = 8B03B2821A6F9FBE003FF5CF /* Colors */;
			targetProxy = 8B03B29D1A6F9FBE003FF5CF /* PBXContainerItemProxy */;
		};
/* End PBXTargetDependency section */

/* Begin PBXVariantGroup section */
		8B03B2901A6F9FBE003FF5CF /* Main.storyboard */ = {
			isa = PBXVariantGroup;
			children = (
				8B03B2911A6F9FBE003FF5CF /* Base */,
			);
			name = Main.storyboard;
			sourceTree = "<group>";
		};
		8B03B2951A6F9FBE003FF5CF /* LaunchScreen.xib */ = {
			isa = PBXVariantGroup;
			children = (
				8B03B2961A6F9FBE003FF5CF /* Base */,
			);
			name = LaunchScreen.xib;
			sourceTree = "<group>";
		};
/* End PBXVariantGroup section */

/* Begin XCBuildConfiguration section */
		8B03B2A41A6F9FBE003FF5CF /* Debug */ = {
			isa = XCBuildConfiguration;
			buildSettings = {
				ALWAYS_SEARCH_USER_PATHS = NO;
				CLANG_CXX_LANGUAGE_STANDARD = "gnu++0x";
				CLANG_CXX_LIBRARY = "libc++";
				CLANG_ENABLE_MODULES = YES;
				CLANG_ENABLE_OBJC_ARC = YES;
				CLANG_WARN_BOOL_CONVERSION = YES;
				CLANG_WARN_CONSTANT_CONVERSION = YES;
				CLANG_WARN_DIRECT_OBJC_ISA_USAGE = YES_ERROR;
				CLANG_WARN_EMPTY_BODY = YES;
				CLANG_WARN_ENUM_CONVERSION = YES;
				CLANG_WARN_INT_CONVERSION = YES;
				CLANG_WARN_OBJC_ROOT_CLASS = YES_ERROR;
				CLANG_WARN_UNREACHABLE_CODE = YES;
				CLANG_WARN__DUPLICATE_METHOD_MATCH = YES;
				"CODE_SIGN_IDENTITY[sdk=iphoneos*]" = "iPhone Developer";
				COPY_PHASE_STRIP = NO;
				ENABLE_STRICT_OBJC_MSGSEND = YES;
				GCC_C_LANGUAGE_STANDARD = gnu99;
				GCC_DYNAMIC_NO_PIC = NO;
				GCC_OPTIMIZATION_LEVEL = 0;
				GCC_PREPROCESSOR_DEFINITIONS = (
					"DEBUG=1",
					"$(inherited)",
				);
				GCC_SYMBOLS_PRIVATE_EXTERN = NO;
				GCC_WARN_64_TO_32_BIT_CONVERSION = YES;
				GCC_WARN_ABOUT_RETURN_TYPE = YES_ERROR;
				GCC_WARN_UNDECLARED_SELECTOR = YES;
				GCC_WARN_UNINITIALIZED_AUTOS = YES_AGGRESSIVE;
				GCC_WARN_UNUSED_FUNCTION = YES;
				GCC_WARN_UNUSED_VARIABLE = YES;
				IPHONEOS_DEPLOYMENT_TARGET = 8.1;
				MTL_ENABLE_DEBUG_INFO = YES;
				ONLY_ACTIVE_ARCH = YES;
				SDKROOT = iphoneos;
			};
			name = Debug;
		};
		8B03B2A51A6F9FBE003FF5CF /* Release */ = {
			isa = XCBuildConfiguration;
			buildSettings = {
				ALWAYS_SEARCH_USER_PATHS = NO;
				CLANG_CXX_LANGUAGE_STANDARD = "gnu++0x";
				CLANG_CXX_LIBRARY = "libc++";
				CLANG_ENABLE_MODULES = YES;
				CLANG_ENABLE_OBJC_ARC = YES;
				CLANG_WARN_BOOL_CONVERSION = YES;
				CLANG_WARN_CONSTANT_CONVERSION = YES;
				CLANG_WARN_DIRECT_OBJC_ISA_USAGE = YES_ERROR;
				CLANG_WARN_EMPTY_BODY = YES;
				CLANG_WARN_ENUM_CONVERSION = YES;
				CLANG_WARN_INT_CONVERSION = YES;
				CLANG_WARN_OBJC_ROOT_CLASS = YES_ERROR;
				CLANG_WARN_UNREACHABLE_CODE = YES;
				CLANG_WARN__DUPLICATE_METHOD_MATCH = YES;
				"CODE_SIGN_IDENTITY[sdk=iphoneos*]" = "iPhone Developer";
				COPY_PHASE_STRIP = YES;
				ENABLE_NS_ASSERTIONS = NO;
				ENABLE_STRICT_OBJC_MSGSEND = YES;
				GCC_C_LANGUAGE_STANDARD = gnu99;
				GCC_WARN_64_TO_32_BIT_CONVERSION = YES;
				GCC_WARN_ABOUT_RETURN_TYPE = YES_ERROR;
				GCC_WARN_UNDECLARED_SELECTOR = YES;
				GCC_WARN_UNINITIALIZED_AUTOS = YES_AGGRESSIVE;
				GCC_WARN_UNUSED_FUNCTION = YES;
				GCC_WARN_UNUSED_VARIABLE = YES;
				IPHONEOS_DEPLOYMENT_TARGET = 8.1;
				MTL_ENABLE_DEBUG_INFO = NO;
				SDKROOT = iphoneos;
				VALIDATE_PRODUCT = YES;
			};
			name = Release;
		};
		8B03B2A71A6F9FBE003FF5CF /* Debug */ = {
			isa = XCBuildConfiguration;
			buildSettings = {
				ASSETCATALOG_COMPILER_APPICON_NAME = AppIcon;
				INFOPLIST_FILE = Colors/Info.plist;
				LD_RUNPATH_SEARCH_PATHS = "$(inherited) @executable_path/Frameworks";
				PRODUCT_NAME = "$(TARGET_NAME)";
			};
			name = Debug;
		};
		8B03B2A81A6F9FBE003FF5CF /* Release */ = {
			isa = XCBuildConfiguration;
			buildSettings = {
				ASSETCATALOG_COMPILER_APPICON_NAME = AppIcon;
				INFOPLIST_FILE = Colors/Info.plist;
				LD_RUNPATH_SEARCH_PATHS = "$(inherited) @executable_path/Frameworks";
				PRODUCT_NAME = "$(TARGET_NAME)";
			};
			name = Release;
		};
		8B03B2AA1A6F9FBE003FF5CF /* Debug */ = {
			isa = XCBuildConfiguration;
			buildSettings = {
				BUNDLE_LOADER = "$(TEST_HOST)";
				FRAMEWORK_SEARCH_PATHS = (
					"$(SDKROOT)/Developer/Library/Frameworks",
					"$(inherited)",
				);
				GCC_PREPROCESSOR_DEFINITIONS = (
					"DEBUG=1",
					"$(inherited)",
				);
				INFOPLIST_FILE = ColorsTests/Info.plist;
				LD_RUNPATH_SEARCH_PATHS = "$(inherited) @executable_path/Frameworks @loader_path/Frameworks";
				PRODUCT_NAME = "$(TARGET_NAME)";
				TEST_HOST = "$(BUILT_PRODUCTS_DIR)/Colors.app/Colors";
			};
			name = Debug;
		};
		8B03B2AB1A6F9FBE003FF5CF /* Release */ = {
			isa = XCBuildConfiguration;
			buildSettings = {
				BUNDLE_LOADER = "$(TEST_HOST)";
				FRAMEWORK_SEARCH_PATHS = (
					"$(SDKROOT)/Developer/Library/Frameworks",
					"$(inherited)",
				);
				INFOPLIST_FILE = ColorsTests/Info.plist;
				LD_RUNPATH_SEARCH_PATHS = "$(inherited) @executable_path/Frameworks @loader_path/Frameworks";
				PRODUCT_NAME = "$(TARGET_NAME)";
				TEST_HOST = "$(BUILT_PRODUCTS_DIR)/Colors.app/Colors";
			};
			name = Release;
		};
/* End XCBuildConfiguration section */

/* Begin XCConfigurationList section */
		8B03B27E1A6F9FBE003FF5CF /* Build configuration list for PBXProject "Colors" */ = {
			isa = XCConfigurationList;
			buildConfigurations = (
				8B03B2A41A6F9FBE003FF5CF /* Debug */,
				8B03B2A51A6F9FBE003FF5CF /* Release */,
			);
			defaultConfigurationIsVisible = 0;
			defaultConfigurationName = Release;
		};
		8B03B2A61A6F9FBE003FF5CF /* Build configuration list for PBXNativeTarget "Colors" */ = {
			isa = XCConfigurationList;
			buildConfigurations = (
				8B03B2A71A6F9FBE003FF5CF /* Debug */,
				8B03B2A81A6F9FBE003FF5CF /* Release */,
			);
			defaultConfigurationIsVisible = 0;
			defaultConfigurationName = Release;
		};
		8B03B2A91A6F9FBE003FF5CF /* Build configuration list for PBXNativeTarget "ColorsTests" */ = {
			isa = XCConfigurationList;
			buildConfigurations = (
				8B03B2AA1A6F9FBE003FF5CF /* Debug */,
				8B03B2AB1A6F9FBE003FF5CF /* Release */,
			);
			defaultConfigurationIsVisible = 0;
			defaultConfigurationName = Release;
		};
/* End XCConfigurationList section */
	};
	rootObject = 8B03B27B1A6F9FBE003FF5CF /* Project object */;
}
