// !$*UTF8*$!
{
	archiveVersion = 1;
	classes = {
	};
	objectVersion = 46;
	objects = {

/* Begin PBXBuildFile section */
		8BD4961A1A7B6A460049B38C /* BeaconKit.h in CopyFiles */ = {isa = PBXBuildFile; fileRef = 8BD496191A7B6A460049B38C /* BeaconKit.h */; };
		8BD4961C1A7B6A460049B38C /* BeaconKit.m in Sources */ = {isa = PBXBuildFile; fileRef = 8BD4961B1A7B6A460049B38C /* BeaconKit.m */; };
		8BD496321A7B6B3B0049B38C /* BeaconHandler.m in Sources */ = {isa = PBXBuildFile; fileRef = BADAE8331A79300F006505B7 /* BeaconHandler.m */; };
		8BD496331A7B6B3D0049B38C /* BeaconRegion.m in Sources */ = {isa = PBXBuildFile; fileRef = BADAE8351A79300F006505B7 /* BeaconRegion.m */; };
		8BD496341A7B6B410049B38C /* Beacon.m in Sources */ = {isa = PBXBuildFile; fileRef = BADAE8311A79300F006505B7 /* Beacon.m */; };
		8BEBAF831A7B755E00D39EAB /* BeaconKitTests.m in Sources */ = {isa = PBXBuildFile; fileRef = 8BEBAF821A7B755E00D39EAB /* BeaconKitTests.m */; };
		8BEBAF841A7B755E00D39EAB /* libBeaconKit.a in Frameworks */ = {isa = PBXBuildFile; fileRef = 8BD496171A7B6A460049B38C /* libBeaconKit.a */; };
/* End PBXBuildFile section */

/* Begin PBXContainerItemProxy section */
		8BEBAF851A7B755E00D39EAB /* PBXContainerItemProxy */ = {
			isa = PBXContainerItemProxy;
			containerPortal = BADAE8071A792FCD006505B7 /* Project object */;
			proxyType = 1;
			remoteGlobalIDString = 8BD496161A7B6A460049B38C;
			remoteInfo = BeaconKit;
		};
/* End PBXContainerItemProxy section */

/* Begin PBXCopyFilesBuildPhase section */
		8BD496151A7B6A460049B38C /* CopyFiles */ = {
			isa = PBXCopyFilesBuildPhase;
			buildActionMask = 2147483647;
			dstPath = "include/$(PRODUCT_NAME)";
			dstSubfolderSpec = 16;
			files = (
				8BD4961A1A7B6A460049B38C /* BeaconKit.h in CopyFiles */,
			);
			runOnlyForDeploymentPostprocessing = 0;
		};
/* End PBXCopyFilesBuildPhase section */

/* Begin PBXFileReference section */
		8BD496171A7B6A460049B38C /* libBeaconKit.a */ = {isa = PBXFileReference; explicitFileType = archive.ar; includeInIndex = 0; path = libBeaconKit.a; sourceTree = BUILT_PRODUCTS_DIR; };
		8BD496191A7B6A460049B38C /* BeaconKit.h */ = {isa = PBXFileReference; lastKnownFileType = sourcecode.c.h; path = BeaconKit.h; sourceTree = "<group>"; };
		8BD4961B1A7B6A460049B38C /* BeaconKit.m */ = {isa = PBXFileReference; lastKnownFileType = sourcecode.c.objc; path = BeaconKit.m; sourceTree = "<group>"; };
		8BD496271A7B6A460049B38C /* Info.plist */ = {isa = PBXFileReference; lastKnownFileType = text.plist.xml; path = Info.plist; sourceTree = "<group>"; };
		8BEBAF7E1A7B755E00D39EAB /* BeaconKitTests.xctest */ = {isa = PBXFileReference; explicitFileType = wrapper.cfbundle; includeInIndex = 0; path = BeaconKitTests.xctest; sourceTree = BUILT_PRODUCTS_DIR; };
		8BEBAF811A7B755E00D39EAB /* Info.plist */ = {isa = PBXFileReference; lastKnownFileType = text.plist.xml; path = Info.plist; sourceTree = "<group>"; };
		8BEBAF821A7B755E00D39EAB /* BeaconKitTests.m */ = {isa = PBXFileReference; lastKnownFileType = sourcecode.c.objc; path = BeaconKitTests.m; sourceTree = "<group>"; };
		BADAE8141A792FCD006505B7 /* Info.plist */ = {isa = PBXFileReference; lastKnownFileType = text.plist.xml; path = Info.plist; sourceTree = "<group>"; };
		BADAE8151A792FCD006505B7 /* BeaconKit.h */ = {isa = PBXFileReference; lastKnownFileType = sourcecode.c.h; path = BeaconKit.h; sourceTree = "<group>"; };
		BADAE8211A792FCE006505B7 /* Info.plist */ = {isa = PBXFileReference; lastKnownFileType = text.plist.xml; path = Info.plist; sourceTree = "<group>"; };
		BADAE8221A792FCE006505B7 /* BeaconKitTests.m */ = {isa = PBXFileReference; lastKnownFileType = sourcecode.c.objc; path = BeaconKitTests.m; sourceTree = "<group>"; };
		BADAE8301A79300F006505B7 /* Beacon.h */ = {isa = PBXFileReference; fileEncoding = 4; lastKnownFileType = sourcecode.c.h; path = Beacon.h; sourceTree = "<group>"; };
		BADAE8311A79300F006505B7 /* Beacon.m */ = {isa = PBXFileReference; fileEncoding = 4; lastKnownFileType = sourcecode.c.objc; path = Beacon.m; sourceTree = "<group>"; };
		BADAE8321A79300F006505B7 /* BeaconHandler.h */ = {isa = PBXFileReference; fileEncoding = 4; lastKnownFileType = sourcecode.c.h; path = BeaconHandler.h; sourceTree = "<group>"; };
		BADAE8331A79300F006505B7 /* BeaconHandler.m */ = {isa = PBXFileReference; fileEncoding = 4; lastKnownFileType = sourcecode.c.objc; path = BeaconHandler.m; sourceTree = "<group>"; };
		BADAE8341A79300F006505B7 /* BeaconRegion.h */ = {isa = PBXFileReference; fileEncoding = 4; lastKnownFileType = sourcecode.c.h; path = BeaconRegion.h; sourceTree = "<group>"; };
		BADAE8351A79300F006505B7 /* BeaconRegion.m */ = {isa = PBXFileReference; fileEncoding = 4; lastKnownFileType = sourcecode.c.objc; path = BeaconRegion.m; sourceTree = "<group>"; };
/* End PBXFileReference section */

/* Begin PBXFrameworksBuildPhase section */
		8BD496141A7B6A460049B38C /* Frameworks */ = {
			isa = PBXFrameworksBuildPhase;
			buildActionMask = 2147483647;
			files = (
			);
			runOnlyForDeploymentPostprocessing = 0;
		};
		8BEBAF7B1A7B755E00D39EAB /* Frameworks */ = {
			isa = PBXFrameworksBuildPhase;
			buildActionMask = 2147483647;
			files = (
				8BEBAF841A7B755E00D39EAB /* libBeaconKit.a in Frameworks */,
			);
			runOnlyForDeploymentPostprocessing = 0;
		};
/* End PBXFrameworksBuildPhase section */

/* Begin PBXGroup section */
		8BD496181A7B6A460049B38C /* BeaconKit */ = {
			isa = PBXGroup;
			children = (
				8BD496191A7B6A460049B38C /* BeaconKit.h */,
				8BD4961B1A7B6A460049B38C /* BeaconKit.m */,
			);
			path = BeaconKit;
			sourceTree = "<group>";
		};
		8BD496251A7B6A460049B38C /* BeaconKitTests */ = {
			isa = PBXGroup;
			children = (
				8BD496261A7B6A460049B38C /* Supporting Files */,
			);
			path = BeaconKitTests;
			sourceTree = "<group>";
		};
		8BD496261A7B6A460049B38C /* Supporting Files */ = {
			isa = PBXGroup;
			children = (
				8BD496271A7B6A460049B38C /* Info.plist */,
			);
			name = "Supporting Files";
			sourceTree = "<group>";
		};
		8BEBAF7F1A7B755E00D39EAB /* BeaconKitTests */ = {
			isa = PBXGroup;
			children = (
				8BEBAF821A7B755E00D39EAB /* BeaconKitTests.m */,
				8BEBAF801A7B755E00D39EAB /* Supporting Files */,
			);
			path = BeaconKitTests;
			sourceTree = "<group>";
		};
		8BEBAF801A7B755E00D39EAB /* Supporting Files */ = {
			isa = PBXGroup;
			children = (
				8BEBAF811A7B755E00D39EAB /* Info.plist */,
			);
			name = "Supporting Files";
			sourceTree = "<group>";
		};
		BADAE8061A792FCD006505B7 = {
			isa = PBXGroup;
			children = (
				BADAE8121A792FCD006505B7 /* BeaconKit */,
				BADAE81F1A792FCE006505B7 /* BeaconKitTests */,
				8BD496181A7B6A460049B38C /* BeaconKit */,
				8BD496251A7B6A460049B38C /* BeaconKitTests */,
				8BEBAF7F1A7B755E00D39EAB /* BeaconKitTests */,
				BADAE8111A792FCD006505B7 /* Products */,
			);
			sourceTree = "<group>";
		};
		BADAE8111A792FCD006505B7 /* Products */ = {
			isa = PBXGroup;
			children = (
				8BD496171A7B6A460049B38C /* libBeaconKit.a */,
				8BEBAF7E1A7B755E00D39EAB /* BeaconKitTests.xctest */,
			);
			name = Products;
			sourceTree = "<group>";
		};
		BADAE8121A792FCD006505B7 /* BeaconKit */ = {
			isa = PBXGroup;
			children = (
				BADAE8151A792FCD006505B7 /* BeaconKit.h */,
				BADAE8301A79300F006505B7 /* Beacon.h */,
				BADAE8311A79300F006505B7 /* Beacon.m */,
				BADAE8321A79300F006505B7 /* BeaconHandler.h */,
				BADAE8331A79300F006505B7 /* BeaconHandler.m */,
				BADAE8341A79300F006505B7 /* BeaconRegion.h */,
				BADAE8351A79300F006505B7 /* BeaconRegion.m */,
				BADAE8131A792FCD006505B7 /* Supporting Files */,
			);
			path = BeaconKit;
			sourceTree = "<group>";
		};
		BADAE8131A792FCD006505B7 /* Supporting Files */ = {
			isa = PBXGroup;
			children = (
				BADAE8141A792FCD006505B7 /* Info.plist */,
			);
			name = "Supporting Files";
			sourceTree = "<group>";
		};
		BADAE81F1A792FCE006505B7 /* BeaconKitTests */ = {
			isa = PBXGroup;
			children = (
				BADAE8221A792FCE006505B7 /* BeaconKitTests.m */,
				BADAE8201A792FCE006505B7 /* Supporting Files */,
			);
			path = BeaconKitTests;
			sourceTree = "<group>";
		};
		BADAE8201A792FCE006505B7 /* Supporting Files */ = {
			isa = PBXGroup;
			children = (
				BADAE8211A792FCE006505B7 /* Info.plist */,
			);
			name = "Supporting Files";
			sourceTree = "<group>";
		};
/* End PBXGroup section */

/* Begin PBXNativeTarget section */
		8BD496161A7B6A460049B38C /* BeaconKit */ = {
			isa = PBXNativeTarget;
			buildConfigurationList = 8BD496281A7B6A460049B38C /* Build configuration list for PBXNativeTarget "BeaconKit" */;
			buildPhases = (
				8BD496131A7B6A460049B38C /* Sources */,
				8BD496141A7B6A460049B38C /* Frameworks */,
				8BD496151A7B6A460049B38C /* CopyFiles */,
			);
			buildRules = (
			);
			dependencies = (
			);
			name = BeaconKit;
			productName = BeaconKit;
			productReference = 8BD496171A7B6A460049B38C /* libBeaconKit.a */;
			productType = "com.apple.product-type.library.static";
		};
		8BEBAF7D1A7B755E00D39EAB /* BeaconKitTests */ = {
			isa = PBXNativeTarget;
			buildConfigurationList = 8BEBAF891A7B755E00D39EAB /* Build configuration list for PBXNativeTarget "BeaconKitTests" */;
			buildPhases = (
				8BEBAF7A1A7B755E00D39EAB /* Sources */,
				8BEBAF7B1A7B755E00D39EAB /* Frameworks */,
				8BEBAF7C1A7B755E00D39EAB /* Resources */,
			);
			buildRules = (
			);
			dependencies = (
				8BEBAF861A7B755E00D39EAB /* PBXTargetDependency */,
			);
			name = BeaconKitTests;
			productName = BeaconKitTests;
			productReference = 8BEBAF7E1A7B755E00D39EAB /* BeaconKitTests.xctest */;
			productType = "com.apple.product-type.bundle.unit-test";
		};
/* End PBXNativeTarget section */

/* Begin PBXProject section */
		BADAE8071A792FCD006505B7 /* Project object */ = {
			isa = PBXProject;
			attributes = {
				LastUpgradeCheck = 0610;
				ORGANIZATIONNAME = "Allegro Group";
				TargetAttributes = {
					8BD496161A7B6A460049B38C = {
						CreatedOnToolsVersion = 6.1.1;
					};
					8BEBAF7D1A7B755E00D39EAB = {
						CreatedOnToolsVersion = 6.1.1;
					};
				};
			};
			buildConfigurationList = BADAE80A1A792FCD006505B7 /* Build configuration list for PBXProject "BeaconKit" */;
			compatibilityVersion = "Xcode 3.2";
			developmentRegion = English;
			hasScannedForEncodings = 0;
			knownRegions = (
				en,
			);
			mainGroup = BADAE8061A792FCD006505B7;
			productRefGroup = BADAE8111A792FCD006505B7 /* Products */;
			projectDirPath = "";
			projectRoot = "";
			targets = (
				8BD496161A7B6A460049B38C /* BeaconKit */,
				8BEBAF7D1A7B755E00D39EAB /* BeaconKitTests */,
			);
		};
/* End PBXProject section */

/* Begin PBXResourcesBuildPhase section */
		8BEBAF7C1A7B755E00D39EAB /* Resources */ = {
			isa = PBXResourcesBuildPhase;
			buildActionMask = 2147483647;
			files = (
			);
			runOnlyForDeploymentPostprocessing = 0;
		};
/* End PBXResourcesBuildPhase section */

/* Begin PBXSourcesBuildPhase section */
		8BD496131A7B6A460049B38C /* Sources */ = {
			isa = PBXSourcesBuildPhase;
			buildActionMask = 2147483647;
			files = (
				8BD496321A7B6B3B0049B38C /* BeaconHandler.m in Sources */,
				8BD496331A7B6B3D0049B38C /* BeaconRegion.m in Sources */,
				8BD4961C1A7B6A460049B38C /* BeaconKit.m in Sources */,
				8BD496341A7B6B410049B38C /* Beacon.m in Sources */,
			);
			runOnlyForDeploymentPostprocessing = 0;
		};
		8BEBAF7A1A7B755E00D39EAB /* Sources */ = {
			isa = PBXSourcesBuildPhase;
			buildActionMask = 2147483647;
			files = (
				8BEBAF831A7B755E00D39EAB /* BeaconKitTests.m in Sources */,
			);
			runOnlyForDeploymentPostprocessing = 0;
		};
/* End PBXSourcesBuildPhase section */

/* Begin PBXTargetDependency section */
		8BEBAF861A7B755E00D39EAB /* PBXTargetDependency */ = {
			isa = PBXTargetDependency;
			target = 8BD496161A7B6A460049B38C /* BeaconKit */;
			targetProxy = 8BEBAF851A7B755E00D39EAB /* PBXContainerItemProxy */;
		};
/* End PBXTargetDependency section */

/* Begin XCBuildConfiguration section */
		8BD496291A7B6A460049B38C /* Debug */ = {
			isa = XCBuildConfiguration;
			buildSettings = {
				GCC_PREPROCESSOR_DEFINITIONS = (
					"DEBUG=1",
					"$(inherited)",
				);
				OTHER_LDFLAGS = "-ObjC";
				PRODUCT_NAME = "$(TARGET_NAME)";
				SKIP_INSTALL = YES;
			};
			name = Debug;
		};
		8BD4962A1A7B6A460049B38C /* Release */ = {
			isa = XCBuildConfiguration;
			buildSettings = {
				OTHER_LDFLAGS = "-ObjC";
				PRODUCT_NAME = "$(TARGET_NAME)";
				SKIP_INSTALL = YES;
			};
			name = Release;
		};
		8BEBAF871A7B755E00D39EAB /* Debug */ = {
			isa = XCBuildConfiguration;
			buildSettings = {
				FRAMEWORK_SEARCH_PATHS = (
					"$(SDKROOT)/Developer/Library/Frameworks",
					"$(inherited)",
				);
				GCC_PREPROCESSOR_DEFINITIONS = (
					"DEBUG=1",
					"$(inherited)",
				);
				INFOPLIST_FILE = BeaconKitTests/Info.plist;
				LD_RUNPATH_SEARCH_PATHS = "$(inherited) @executable_path/Frameworks @loader_path/Frameworks";
				PRODUCT_NAME = "$(TARGET_NAME)";
			};
			name = Debug;
		};
		8BEBAF881A7B755E00D39EAB /* Release */ = {
			isa = XCBuildConfiguration;
			buildSettings = {
				FRAMEWORK_SEARCH_PATHS = (
					"$(SDKROOT)/Developer/Library/Frameworks",
					"$(inherited)",
				);
				INFOPLIST_FILE = BeaconKitTests/Info.plist;
				LD_RUNPATH_SEARCH_PATHS = "$(inherited) @executable_path/Frameworks @loader_path/Frameworks";
				PRODUCT_NAME = "$(TARGET_NAME)";
			};
			name = Release;
		};
		BADAE8241A792FCE006505B7 /* Debug */ = {
			isa = XCBuildConfiguration;
			buildSettings = {
				ALWAYS_SEARCH_USER_PATHS = NO;
				CLANG_CXX_LANGUAGE_STANDARD = "gnu++0x";
				CLANG_CXX_LIBRARY = "libc++";
				CLANG_ENABLE_MODULES = YES;
				CLANG_ENABLE_OBJC_ARC = YES;
				CLANG_WARN_BOOL_CONVERSION = YES;
				CLANG_WARN_CONSTANT_CONVERSION = YES;
				CLANG_WARN_DIRECT_OBJC_ISA_USAGE = YES_ERROR;
				CLANG_WARN_EMPTY_BODY = YES;
				CLANG_WARN_ENUM_CONVERSION = YES;
				CLANG_WARN_INT_CONVERSION = YES;
				CLANG_WARN_OBJC_ROOT_CLASS = YES_ERROR;
				CLANG_WARN_UNREACHABLE_CODE = YES;
				CLANG_WARN__DUPLICATE_METHOD_MATCH = YES;
				"CODE_SIGN_IDENTITY[sdk=iphoneos*]" = "iPhone Developer";
				COPY_PHASE_STRIP = NO;
				CURRENT_PROJECT_VERSION = 1;
				ENABLE_STRICT_OBJC_MSGSEND = YES;
				GCC_C_LANGUAGE_STANDARD = gnu99;
				GCC_DYNAMIC_NO_PIC = NO;
				GCC_OPTIMIZATION_LEVEL = 0;
				GCC_PREPROCESSOR_DEFINITIONS = (
					"DEBUG=1",
					"$(inherited)",
				);
				GCC_SYMBOLS_PRIVATE_EXTERN = NO;
				GCC_WARN_64_TO_32_BIT_CONVERSION = YES;
				GCC_WARN_ABOUT_RETURN_TYPE = YES_ERROR;
				GCC_WARN_UNDECLARED_SELECTOR = YES;
				GCC_WARN_UNINITIALIZED_AUTOS = YES_AGGRESSIVE;
				GCC_WARN_UNUSED_FUNCTION = YES;
				GCC_WARN_UNUSED_VARIABLE = YES;
				IPHONEOS_DEPLOYMENT_TARGET = 8.1;
				MTL_ENABLE_DEBUG_INFO = YES;
				ONLY_ACTIVE_ARCH = YES;
				SDKROOT = iphoneos;
				TARGETED_DEVICE_FAMILY = "1,2";
				VERSIONING_SYSTEM = "apple-generic";
				VERSION_INFO_PREFIX = "";
			};
			name = Debug;
		};
		BADAE8251A792FCE006505B7 /* Release */ = {
			isa = XCBuildConfiguration;
			buildSettings = {
				ALWAYS_SEARCH_USER_PATHS = NO;
				CLANG_CXX_LANGUAGE_STANDARD = "gnu++0x";
				CLANG_CXX_LIBRARY = "libc++";
				CLANG_ENABLE_MODULES = YES;
				CLANG_ENABLE_OBJC_ARC = YES;
				CLANG_WARN_BOOL_CONVERSION = YES;
				CLANG_WARN_CONSTANT_CONVERSION = YES;
				CLANG_WARN_DIRECT_OBJC_ISA_USAGE = YES_ERROR;
				CLANG_WARN_EMPTY_BODY = YES;
				CLANG_WARN_ENUM_CONVERSION = YES;
				CLANG_WARN_INT_CONVERSION = YES;
				CLANG_WARN_OBJC_ROOT_CLASS = YES_ERROR;
				CLANG_WARN_UNREACHABLE_CODE = YES;
				CLANG_WARN__DUPLICATE_METHOD_MATCH = YES;
				"CODE_SIGN_IDENTITY[sdk=iphoneos*]" = "iPhone Developer";
				COPY_PHASE_STRIP = YES;
				CURRENT_PROJECT_VERSION = 1;
				ENABLE_NS_ASSERTIONS = NO;
				ENABLE_STRICT_OBJC_MSGSEND = YES;
				GCC_C_LANGUAGE_STANDARD = gnu99;
				GCC_WARN_64_TO_32_BIT_CONVERSION = YES;
				GCC_WARN_ABOUT_RETURN_TYPE = YES_ERROR;
				GCC_WARN_UNDECLARED_SELECTOR = YES;
				GCC_WARN_UNINITIALIZED_AUTOS = YES_AGGRESSIVE;
				GCC_WARN_UNUSED_FUNCTION = YES;
				GCC_WARN_UNUSED_VARIABLE = YES;
				IPHONEOS_DEPLOYMENT_TARGET = 8.1;
				MTL_ENABLE_DEBUG_INFO = NO;
				SDKROOT = iphoneos;
				TARGETED_DEVICE_FAMILY = "1,2";
				VALIDATE_PRODUCT = YES;
				VERSIONING_SYSTEM = "apple-generic";
				VERSION_INFO_PREFIX = "";
			};
			name = Release;
		};
/* End XCBuildConfiguration section */

/* Begin XCConfigurationList section */
		8BD496281A7B6A460049B38C /* Build configuration list for PBXNativeTarget "BeaconKit" */ = {
			isa = XCConfigurationList;
			buildConfigurations = (
				8BD496291A7B6A460049B38C /* Debug */,
				8BD4962A1A7B6A460049B38C /* Release */,
			);
			defaultConfigurationIsVisible = 0;
			defaultConfigurationName = Release;
		};
		8BEBAF891A7B755E00D39EAB /* Build configuration list for PBXNativeTarget "BeaconKitTests" */ = {
			isa = XCConfigurationList;
			buildConfigurations = (
				8BEBAF871A7B755E00D39EAB /* Debug */,
				8BEBAF881A7B755E00D39EAB /* Release */,
			);
			defaultConfigurationIsVisible = 0;
		};
		BADAE80A1A792FCD006505B7 /* Build configuration list for PBXProject "BeaconKit" */ = {
			isa = XCConfigurationList;
			buildConfigurations = (
				BADAE8241A792FCE006505B7 /* Debug */,
				BADAE8251A792FCE006505B7 /* Release */,
			);
			defaultConfigurationIsVisible = 0;
			defaultConfigurationName = Release;
		};
/* End XCConfigurationList section */
	};
	rootObject = BADAE8071A792FCD006505B7 /* Project object */;
}
