// !$*UTF8*$!
{
	archiveVersion = 1;
	classes = {
	};
	objectVersion = 46;
	objects = {

/* Begin PBXBuildFile section */
		BADAE8161A792FCD006505B7 /* BeaconKit.h in Headers */ = {isa = PBXBuildFile; fileRef = BADAE8151A792FCD006505B7 /* BeaconKit.h */; settings = {ATTRIBUTES = (Public, ); }; };
		BADAE81C1A792FCE006505B7 /* BeaconKit.framework in Frameworks */ = {isa = PBXBuildFile; fileRef = BADAE8101A792FCD006505B7 /* BeaconKit.framework */; };
		BADAE8231A792FCE006505B7 /* BeaconKitTests.m in Sources */ = {isa = PBXBuildFile; fileRef = BADAE8221A792FCE006505B7 /* BeaconKitTests.m */; };
		BADAE8361A79300F006505B7 /* Beacon.h in Headers */ = {isa = PBXBuildFile; fileRef = BADAE8301A79300F006505B7 /* Beacon.h */; settings = {ATTRIBUTES = (Public, ); }; };
		BADAE8371A79300F006505B7 /* Beacon.m in Sources */ = {isa = PBXBuildFile; fileRef = BADAE8311A79300F006505B7 /* Beacon.m */; };
		BADAE8381A79300F006505B7 /* BeaconHandler.h in Headers */ = {isa = PBXBuildFile; fileRef = BADAE8321A79300F006505B7 /* BeaconHandler.h */; settings = {ATTRIBUTES = (Public, ); }; };
		BADAE8391A79300F006505B7 /* BeaconHandler.m in Sources */ = {isa = PBXBuildFile; fileRef = BADAE8331A79300F006505B7 /* BeaconHandler.m */; };
		BADAE83A1A79300F006505B7 /* BeaconRegion.h in Headers */ = {isa = PBXBuildFile; fileRef = BADAE8341A79300F006505B7 /* BeaconRegion.h */; settings = {ATTRIBUTES = (Public, ); }; };
		BADAE83B1A79300F006505B7 /* BeaconRegion.m in Sources */ = {isa = PBXBuildFile; fileRef = BADAE8351A79300F006505B7 /* BeaconRegion.m */; };
/* End PBXBuildFile section */

/* Begin PBXContainerItemProxy section */
		BADAE81D1A792FCE006505B7 /* PBXContainerItemProxy */ = {
			isa = PBXContainerItemProxy;
			containerPortal = BADAE8071A792FCD006505B7 /* Project object */;
			proxyType = 1;
			remoteGlobalIDString = BADAE80F1A792FCD006505B7;
			remoteInfo = BeaconKit;
		};
/* End PBXContainerItemProxy section */

/* Begin PBXFileReference section */
		BADAE8101A792FCD006505B7 /* BeaconKit.framework */ = {isa = PBXFileReference; explicitFileType = wrapper.framework; includeInIndex = 0; path = BeaconKit.framework; sourceTree = BUILT_PRODUCTS_DIR; };
		BADAE8141A792FCD006505B7 /* Info.plist */ = {isa = PBXFileReference; lastKnownFileType = text.plist.xml; path = Info.plist; sourceTree = "<group>"; };
		BADAE8151A792FCD006505B7 /* BeaconKit.h */ = {isa = PBXFileReference; lastKnownFileType = sourcecode.c.h; path = BeaconKit.h; sourceTree = "<group>"; };
		BADAE81B1A792FCE006505B7 /* BeaconKitTests.xctest */ = {isa = PBXFileReference; explicitFileType = wrapper.cfbundle; includeInIndex = 0; path = BeaconKitTests.xctest; sourceTree = BUILT_PRODUCTS_DIR; };
		BADAE8211A792FCE006505B7 /* Info.plist */ = {isa = PBXFileReference; lastKnownFileType = text.plist.xml; path = Info.plist; sourceTree = "<group>"; };
		BADAE8221A792FCE006505B7 /* BeaconKitTests.m */ = {isa = PBXFileReference; lastKnownFileType = sourcecode.c.objc; path = BeaconKitTests.m; sourceTree = "<group>"; };
		BADAE8301A79300F006505B7 /* Beacon.h */ = {isa = PBXFileReference; fileEncoding = 4; lastKnownFileType = sourcecode.c.h; path = Beacon.h; sourceTree = "<group>"; };
		BADAE8311A79300F006505B7 /* Beacon.m */ = {isa = PBXFileReference; fileEncoding = 4; lastKnownFileType = sourcecode.c.objc; path = Beacon.m; sourceTree = "<group>"; };
		BADAE8321A79300F006505B7 /* BeaconHandler.h */ = {isa = PBXFileReference; fileEncoding = 4; lastKnownFileType = sourcecode.c.h; path = BeaconHandler.h; sourceTree = "<group>"; };
		BADAE8331A79300F006505B7 /* BeaconHandler.m */ = {isa = PBXFileReference; fileEncoding = 4; lastKnownFileType = sourcecode.c.objc; path = BeaconHandler.m; sourceTree = "<group>"; };
		BADAE8341A79300F006505B7 /* BeaconRegion.h */ = {isa = PBXFileReference; fileEncoding = 4; lastKnownFileType = sourcecode.c.h; path = BeaconRegion.h; sourceTree = "<group>"; };
		BADAE8351A79300F006505B7 /* BeaconRegion.m */ = {isa = PBXFileReference; fileEncoding = 4; lastKnownFileType = sourcecode.c.objc; path = BeaconRegion.m; sourceTree = "<group>"; };
/* End PBXFileReference section */

/* Begin PBXFrameworksBuildPhase section */
		BADAE80C1A792FCD006505B7 /* Frameworks */ = {
			isa = PBXFrameworksBuildPhase;
			buildActionMask = 2147483647;
			files = (
			);
			runOnlyForDeploymentPostprocessing = 0;
		};
		BADAE8181A792FCE006505B7 /* Frameworks */ = {
			isa = PBXFrameworksBuildPhase;
			buildActionMask = 2147483647;
			files = (
				BADAE81C1A792FCE006505B7 /* BeaconKit.framework in Frameworks */,
			);
			runOnlyForDeploymentPostprocessing = 0;
		};
/* End PBXFrameworksBuildPhase section */

/* Begin PBXGroup section */
		BADAE8061A792FCD006505B7 = {
			isa = PBXGroup;
			children = (
				BADAE8121A792FCD006505B7 /* BeaconKit */,
				BADAE81F1A792FCE006505B7 /* BeaconKitTests */,
				BADAE8111A792FCD006505B7 /* Products */,
			);
			sourceTree = "<group>";
		};
		BADAE8111A792FCD006505B7 /* Products */ = {
			isa = PBXGroup;
			children = (
				BADAE8101A792FCD006505B7 /* BeaconKit.framework */,
				BADAE81B1A792FCE006505B7 /* BeaconKitTests.xctest */,
			);
			name = Products;
			sourceTree = "<group>";
		};
		BADAE8121A792FCD006505B7 /* BeaconKit */ = {
			isa = PBXGroup;
			children = (
				BADAE8151A792FCD006505B7 /* BeaconKit.h */,
				BADAE8301A79300F006505B7 /* Beacon.h */,
				BADAE8311A79300F006505B7 /* Beacon.m */,
				BADAE8321A79300F006505B7 /* BeaconHandler.h */,
				BADAE8331A79300F006505B7 /* BeaconHandler.m */,
				BADAE8341A79300F006505B7 /* BeaconRegion.h */,
				BADAE8351A79300F006505B7 /* BeaconRegion.m */,
				BADAE8131A792FCD006505B7 /* Supporting Files */,
			);
			path = BeaconKit;
			sourceTree = "<group>";
		};
		BADAE8131A792FCD006505B7 /* Supporting Files */ = {
			isa = PBXGroup;
			children = (
				BADAE8141A792FCD006505B7 /* Info.plist */,
			);
			name = "Supporting Files";
			sourceTree = "<group>";
		};
		BADAE81F1A792FCE006505B7 /* BeaconKitTests */ = {
			isa = PBXGroup;
			children = (
				BADAE8221A792FCE006505B7 /* BeaconKitTests.m */,
				BADAE8201A792FCE006505B7 /* Supporting Files */,
			);
			path = BeaconKitTests;
			sourceTree = "<group>";
		};
		BADAE8201A792FCE006505B7 /* Supporting Files */ = {
			isa = PBXGroup;
			children = (
				BADAE8211A792FCE006505B7 /* Info.plist */,
			);
			name = "Supporting Files";
			sourceTree = "<group>";
		};
/* End PBXGroup section */

/* Begin PBXHeadersBuildPhase section */
		BADAE80D1A792FCD006505B7 /* Headers */ = {
			isa = PBXHeadersBuildPhase;
			buildActionMask = 2147483647;
			files = (
				BADAE83A1A79300F006505B7 /* BeaconRegion.h in Headers */,
				BADAE8361A79300F006505B7 /* Beacon.h in Headers */,
				BADAE8161A792FCD006505B7 /* BeaconKit.h in Headers */,
				BADAE8381A79300F006505B7 /* BeaconHandler.h in Headers */,
			);
			runOnlyForDeploymentPostprocessing = 0;
		};
/* End PBXHeadersBuildPhase section */

/* Begin PBXNativeTarget section */
		BADAE80F1A792FCD006505B7 /* BeaconKit */ = {
			isa = PBXNativeTarget;
			buildConfigurationList = BADAE8261A792FCE006505B7 /* Build configuration list for PBXNativeTarget "BeaconKit" */;
			buildPhases = (
				BADAE80B1A792FCD006505B7 /* Sources */,
				BADAE80C1A792FCD006505B7 /* Frameworks */,
				BADAE80D1A792FCD006505B7 /* Headers */,
				BADAE80E1A792FCD006505B7 /* Resources */,
			);
			buildRules = (
			);
			dependencies = (
			);
			name = BeaconKit;
			productName = BeaconKit;
			productReference = BADAE8101A792FCD006505B7 /* BeaconKit.framework */;
			productType = "com.apple.product-type.framework";
		};
		BADAE81A1A792FCE006505B7 /* BeaconKitTests */ = {
			isa = PBXNativeTarget;
			buildConfigurationList = BADAE8291A792FCE006505B7 /* Build configuration list for PBXNativeTarget "BeaconKitTests" */;
			buildPhases = (
				BADAE8171A792FCE006505B7 /* Sources */,
				BADAE8181A792FCE006505B7 /* Frameworks */,
				BADAE8191A792FCE006505B7 /* Resources */,
			);
			buildRules = (
			);
			dependencies = (
				BADAE81E1A792FCE006505B7 /* PBXTargetDependency */,
			);
			name = BeaconKitTests;
			productName = BeaconKitTests;
			productReference = BADAE81B1A792FCE006505B7 /* BeaconKitTests.xctest */;
			productType = "com.apple.product-type.bundle.unit-test";
		};
/* End PBXNativeTarget section */

/* Begin PBXProject section */
		BADAE8071A792FCD006505B7 /* Project object */ = {
			isa = PBXProject;
			attributes = {
				LastUpgradeCheck = 0610;
				ORGANIZATIONNAME = "Allegro Group";
				TargetAttributes = {
					BADAE80F1A792FCD006505B7 = {
						CreatedOnToolsVersion = 6.1;
						DevelopmentTeam = Q79FTA4VEX;
					};
					BADAE81A1A792FCE006505B7 = {
						CreatedOnToolsVersion = 6.1;
					};
				};
			};
			buildConfigurationList = BADAE80A1A792FCD006505B7 /* Build configuration list for PBXProject "BeaconKit" */;
			compatibilityVersion = "Xcode 3.2";
			developmentRegion = English;
			hasScannedForEncodings = 0;
			knownRegions = (
				en,
			);
			mainGroup = BADAE8061A792FCD006505B7;
			productRefGroup = BADAE8111A792FCD006505B7 /* Products */;
			projectDirPath = "";
			projectRoot = "";
			targets = (
				BADAE80F1A792FCD006505B7 /* BeaconKit */,
				BADAE81A1A792FCE006505B7 /* BeaconKitTests */,
			);
		};
/* End PBXProject section */

/* Begin PBXResourcesBuildPhase section */
		BADAE80E1A792FCD006505B7 /* Resources */ = {
			isa = PBXResourcesBuildPhase;
			buildActionMask = 2147483647;
			files = (
			);
			runOnlyForDeploymentPostprocessing = 0;
		};
		BADAE8191A792FCE006505B7 /* Resources */ = {
			isa = PBXResourcesBuildPhase;
			buildActionMask = 2147483647;
			files = (
			);
			runOnlyForDeploymentPostprocessing = 0;
		};
/* End PBXResourcesBuildPhase section */

/* Begin PBXSourcesBuildPhase section */
		BADAE80B1A792FCD006505B7 /* Sources */ = {
			isa = PBXSourcesBuildPhase;
			buildActionMask = 2147483647;
			files = (
				BADAE8391A79300F006505B7 /* BeaconHandler.m in Sources */,
				BADAE83B1A79300F006505B7 /* BeaconRegion.m in Sources */,
				BADAE8371A79300F006505B7 /* Beacon.m in Sources */,
			);
			runOnlyForDeploymentPostprocessing = 0;
		};
		BADAE8171A792FCE006505B7 /* Sources */ = {
			isa = PBXSourcesBuildPhase;
			buildActionMask = 2147483647;
			files = (
				BADAE8231A792FCE006505B7 /* BeaconKitTests.m in Sources */,
			);
			runOnlyForDeploymentPostprocessing = 0;
		};
/* End PBXSourcesBuildPhase section */

/* Begin PBXTargetDependency section */
		BADAE81E1A792FCE006505B7 /* PBXTargetDependency */ = {
			isa = PBXTargetDependency;
			target = BADAE80F1A792FCD006505B7 /* BeaconKit */;
			targetProxy = BADAE81D1A792FCE006505B7 /* PBXContainerItemProxy */;
		};
/* End PBXTargetDependency section */

/* Begin XCBuildConfiguration section */
		BADAE8241A792FCE006505B7 /* Debug */ = {
			isa = XCBuildConfiguration;
			buildSettings = {
				ALWAYS_SEARCH_USER_PATHS = NO;
				CLANG_CXX_LANGUAGE_STANDARD = "gnu++0x";
				CLANG_CXX_LIBRARY = "libc++";
				CLANG_ENABLE_MODULES = YES;
				CLANG_ENABLE_OBJC_ARC = YES;
				CLANG_WARN_BOOL_CONVERSION = YES;
				CLANG_WARN_CONSTANT_CONVERSION = YES;
				CLANG_WARN_DIRECT_OBJC_ISA_USAGE = YES_ERROR;
				CLANG_WARN_EMPTY_BODY = YES;
				CLANG_WARN_ENUM_CONVERSION = YES;
				CLANG_WARN_INT_CONVERSION = YES;
				CLANG_WARN_OBJC_ROOT_CLASS = YES_ERROR;
				CLANG_WARN_UNREACHABLE_CODE = YES;
				CLANG_WARN__DUPLICATE_METHOD_MATCH = YES;
				"CODE_SIGN_IDENTITY[sdk=iphoneos*]" = "iPhone Developer";
				COPY_PHASE_STRIP = NO;
				CURRENT_PROJECT_VERSION = 1;
				ENABLE_STRICT_OBJC_MSGSEND = YES;
				GCC_C_LANGUAGE_STANDARD = gnu99;
				GCC_DYNAMIC_NO_PIC = NO;
				GCC_OPTIMIZATION_LEVEL = 0;
				GCC_PREPROCESSOR_DEFINITIONS = (
					"DEBUG=1",
					"$(inherited)",
				);
				GCC_SYMBOLS_PRIVATE_EXTERN = NO;
				GCC_WARN_64_TO_32_BIT_CONVERSION = YES;
				GCC_WARN_ABOUT_RETURN_TYPE = YES_ERROR;
				GCC_WARN_UNDECLARED_SELECTOR = YES;
				GCC_WARN_UNINITIALIZED_AUTOS = YES_AGGRESSIVE;
				GCC_WARN_UNUSED_FUNCTION = YES;
				GCC_WARN_UNUSED_VARIABLE = YES;
				IPHONEOS_DEPLOYMENT_TARGET = 8.1;
				MTL_ENABLE_DEBUG_INFO = YES;
				ONLY_ACTIVE_ARCH = YES;
				SDKROOT = iphoneos;
				TARGETED_DEVICE_FAMILY = "1,2";
				VERSIONING_SYSTEM = "apple-generic";
				VERSION_INFO_PREFIX = "";
			};
			name = Debug;
		};
		BADAE8251A792FCE006505B7 /* Release */ = {
			isa = XCBuildConfiguration;
			buildSettings = {
				ALWAYS_SEARCH_USER_PATHS = NO;
				CLANG_CXX_LANGUAGE_STANDARD = "gnu++0x";
				CLANG_CXX_LIBRARY = "libc++";
				CLANG_ENABLE_MODULES = YES;
				CLANG_ENABLE_OBJC_ARC = YES;
				CLANG_WARN_BOOL_CONVERSION = YES;
				CLANG_WARN_CONSTANT_CONVERSION = YES;
				CLANG_WARN_DIRECT_OBJC_ISA_USAGE = YES_ERROR;
				CLANG_WARN_EMPTY_BODY = YES;
				CLANG_WARN_ENUM_CONVERSION = YES;
				CLANG_WARN_INT_CONVERSION = YES;
				CLANG_WARN_OBJC_ROOT_CLASS = YES_ERROR;
				CLANG_WARN_UNREACHABLE_CODE = YES;
				CLANG_WARN__DUPLICATE_METHOD_MATCH = YES;
				"CODE_SIGN_IDENTITY[sdk=iphoneos*]" = "iPhone Developer";
				COPY_PHASE_STRIP = YES;
				CURRENT_PROJECT_VERSION = 1;
				ENABLE_NS_ASSERTIONS = NO;
				ENABLE_STRICT_OBJC_MSGSEND = YES;
				GCC_C_LANGUAGE_STANDARD = gnu99;
				GCC_WARN_64_TO_32_BIT_CONVERSION = YES;
				GCC_WARN_ABOUT_RETURN_TYPE = YES_ERROR;
				GCC_WARN_UNDECLARED_SELECTOR = YES;
				GCC_WARN_UNINITIALIZED_AUTOS = YES_AGGRESSIVE;
				GCC_WARN_UNUSED_FUNCTION = YES;
				GCC_WARN_UNUSED_VARIABLE = YES;
				IPHONEOS_DEPLOYMENT_TARGET = 8.1;
				MTL_ENABLE_DEBUG_INFO = NO;
				SDKROOT = iphoneos;
				TARGETED_DEVICE_FAMILY = "1,2";
				VALIDATE_PRODUCT = YES;
				VERSIONING_SYSTEM = "apple-generic";
				VERSION_INFO_PREFIX = "";
			};
			name = Release;
		};
		BADAE8271A792FCE006505B7 /* Debug */ = {
			isa = XCBuildConfiguration;
			buildSettings = {
				CODE_SIGN_IDENTITY = "iPhone Developer";
				DEFINES_MODULE = YES;
				DYLIB_COMPATIBILITY_VERSION = 1;
				DYLIB_CURRENT_VERSION = 1;
				DYLIB_INSTALL_NAME_BASE = "@rpath";
				EMBEDDED_CONTENT_CONTAINS_SWIFT = YES;
				INFOPLIST_FILE = BeaconKit/Info.plist;
				INSTALL_PATH = "$(LOCAL_LIBRARY_DIR)/Frameworks";
				LD_RUNPATH_SEARCH_PATHS = "$(inherited) @executable_path/Frameworks @loader_path/Frameworks";
				PRODUCT_NAME = "$(TARGET_NAME)";
				SKIP_INSTALL = YES;
			};
			name = Debug;
		};
		BADAE8281A792FCE006505B7 /* Release */ = {
			isa = XCBuildConfiguration;
			buildSettings = {
				CODE_SIGN_IDENTITY = "iPhone Developer";
				DEFINES_MODULE = YES;
				DYLIB_COMPATIBILITY_VERSION = 1;
				DYLIB_CURRENT_VERSION = 1;
				DYLIB_INSTALL_NAME_BASE = "@rpath";
				EMBEDDED_CONTENT_CONTAINS_SWIFT = YES;
				INFOPLIST_FILE = BeaconKit/Info.plist;
				INSTALL_PATH = "$(LOCAL_LIBRARY_DIR)/Frameworks";
				LD_RUNPATH_SEARCH_PATHS = "$(inherited) @executable_path/Frameworks @loader_path/Frameworks";
				PRODUCT_NAME = "$(TARGET_NAME)";
				SKIP_INSTALL = YES;
			};
			name = Release;
		};
		BADAE82A1A792FCE006505B7 /* Debug */ = {
			isa = XCBuildConfiguration;
			buildSettings = {
				FRAMEWORK_SEARCH_PATHS = (
					"$(SDKROOT)/Developer/Library/Frameworks",
					"$(inherited)",
				);
				GCC_PREPROCESSOR_DEFINITIONS = (
					"DEBUG=1",
					"$(inherited)",
				);
				INFOPLIST_FILE = BeaconKitTests/Info.plist;
				LD_RUNPATH_SEARCH_PATHS = "$(inherited) @executable_path/Frameworks @loader_path/Frameworks";
				PRODUCT_NAME = "$(TARGET_NAME)";
			};
			name = Debug;
		};
		BADAE82B1A792FCE006505B7 /* Release */ = {
			isa = XCBuildConfiguration;
			buildSettings = {
				FRAMEWORK_SEARCH_PATHS = (
					"$(SDKROOT)/Developer/Library/Frameworks",
					"$(inherited)",
				);
				INFOPLIST_FILE = BeaconKitTests/Info.plist;
				LD_RUNPATH_SEARCH_PATHS = "$(inherited) @executable_path/Frameworks @loader_path/Frameworks";
				PRODUCT_NAME = "$(TARGET_NAME)";
			};
			name = Release;
		};
/* End XCBuildConfiguration section */

/* Begin XCConfigurationList section */
		BADAE80A1A792FCD006505B7 /* Build configuration list for PBXProject "BeaconKit" */ = {
			isa = XCConfigurationList;
			buildConfigurations = (
				BADAE8241A792FCE006505B7 /* Debug */,
				BADAE8251A792FCE006505B7 /* Release */,
			);
			defaultConfigurationIsVisible = 0;
			defaultConfigurationName = Release;
		};
		BADAE8261A792FCE006505B7 /* Build configuration list for PBXNativeTarget "BeaconKit" */ = {
			isa = XCConfigurationList;
			buildConfigurations = (
				BADAE8271A792FCE006505B7 /* Debug */,
				BADAE8281A792FCE006505B7 /* Release */,
			);
			defaultConfigurationIsVisible = 0;
			defaultConfigurationName = Release;
		};
		BADAE8291A792FCE006505B7 /* Build configuration list for PBXNativeTarget "BeaconKitTests" */ = {
			isa = XCConfigurationList;
			buildConfigurations = (
				BADAE82A1A792FCE006505B7 /* Debug */,
				BADAE82B1A792FCE006505B7 /* Release */,
			);
			defaultConfigurationIsVisible = 0;
			defaultConfigurationName = Release;
		};
/* End XCConfigurationList section */
	};
	rootObject = BADAE8071A792FCD006505B7 /* Project object */;
}
