// !$*UTF8*$!
{
	archiveVersion = 1;
	classes = {
	};
	objectVersion = 46;
	objects = {

/* Begin PBXBuildFile section */
		8B03B2F61A6F9FFA003FF5CF /* main.m in Sources */ = {isa = PBXBuildFile; fileRef = 8B03B2F51A6F9FFA003FF5CF /* main.m */; };
		8B03B2F91A6F9FFA003FF5CF /* AppDelegate.m in Sources */ = {isa = PBXBuildFile; fileRef = 8B03B2F81A6F9FFA003FF5CF /* AppDelegate.m */; };
		8B03B2FC1A6F9FFA003FF5CF /* ViewController.m in Sources */ = {isa = PBXBuildFile; fileRef = 8B03B2FB1A6F9FFA003FF5CF /* ViewController.m */; };
		8B03B2FF1A6F9FFA003FF5CF /* Main.storyboard in Resources */ = {isa = PBXBuildFile; fileRef = 8B03B2FD1A6F9FFA003FF5CF /* Main.storyboard */; };
		8B03B3011A6F9FFA003FF5CF /* Images.xcassets in Resources */ = {isa = PBXBuildFile; fileRef = 8B03B3001A6F9FFA003FF5CF /* Images.xcassets */; };
		8B03B3041A6F9FFA003FF5CF /* LaunchScreen.xib in Resources */ = {isa = PBXBuildFile; fileRef = 8B03B3021A6F9FFA003FF5CF /* LaunchScreen.xib */; };
		9EC5B1CA1A7798BB001934AD /* PHLoadingViewController.m in Sources */ = {isa = PBXBuildFile; fileRef = 9EC5B1BF1A7798BB001934AD /* PHLoadingViewController.m */; };
		9EC5B1CB1A7798BB001934AD /* PHLoadingViewController.xib in Resources */ = {isa = PBXBuildFile; fileRef = 9EC5B1C01A7798BB001934AD /* PHLoadingViewController.xib */; };
		9EC5B1CC1A7798BB001934AD /* PHBridgePushLinkViewController.m in Sources */ = {isa = PBXBuildFile; fileRef = 9EC5B1C21A7798BB001934AD /* PHBridgePushLinkViewController.m */; };
		9EC5B1CD1A7798BB001934AD /* PHBridgePushLinkViewController.xib in Resources */ = {isa = PBXBuildFile; fileRef = 9EC5B1C31A7798BB001934AD /* PHBridgePushLinkViewController.xib */; };
		9EC5B1CE1A7798BB001934AD /* PHBridgeSelectionViewController.m in Sources */ = {isa = PBXBuildFile; fileRef = 9EC5B1C51A7798BB001934AD /* PHBridgeSelectionViewController.m */; };
		9EC5B1CF1A7798BB001934AD /* PHBridgeSelectionViewController.xib in Resources */ = {isa = PBXBuildFile; fileRef = 9EC5B1C61A7798BB001934AD /* PHBridgeSelectionViewController.xib */; };
		9EC5B1D01A7798BB001934AD /* press_smartbridge.png in Resources */ = {isa = PBXBuildFile; fileRef = 9EC5B1C81A7798BB001934AD /* press_smartbridge.png */; };
		9EC5B1D11A7798BB001934AD /* press_smartbridge@2x.png in Resources */ = {isa = PBXBuildFile; fileRef = 9EC5B1C91A7798BB001934AD /* press_smartbridge@2x.png */; };
		BA027A101A778B3D00ED1424 /* HueSDK_iOS.framework in Frameworks */ = {isa = PBXBuildFile; fileRef = BA027A0F1A778B3D00ED1424 /* HueSDK_iOS.framework */; };
		BA027A211A778B7100ED1424 /* DDAbstractDatabaseLogger.m in Sources */ = {isa = PBXBuildFile; fileRef = BA027A131A778B7100ED1424 /* DDAbstractDatabaseLogger.m */; };
		BA027A221A778B7100ED1424 /* DDASLLogger.m in Sources */ = {isa = PBXBuildFile; fileRef = BA027A151A778B7100ED1424 /* DDASLLogger.m */; };
		BA027A231A778B7100ED1424 /* DDFileLogger.m in Sources */ = {isa = PBXBuildFile; fileRef = BA027A171A778B7100ED1424 /* DDFileLogger.m */; };
		BA027A241A778B7100ED1424 /* DDLog.m in Sources */ = {isa = PBXBuildFile; fileRef = BA027A191A778B7100ED1424 /* DDLog.m */; };
		BA027A251A778B7100ED1424 /* DDTTYLogger.m in Sources */ = {isa = PBXBuildFile; fileRef = BA027A1B1A778B7100ED1424 /* DDTTYLogger.m */; };
		BA027A261A778B7100ED1424 /* ContextFilterLogFormatter.m in Sources */ = {isa = PBXBuildFile; fileRef = BA027A1E1A778B7100ED1424 /* ContextFilterLogFormatter.m */; };
		BA027A271A778B7100ED1424 /* DispatchQueueLogFormatter.m in Sources */ = {isa = PBXBuildFile; fileRef = BA027A201A778B7100ED1424 /* DispatchQueueLogFormatter.m */; };
		BAFF243C1A81FF210083F2B6 /* libBeaconKit.a in Frameworks */ = {isa = PBXBuildFile; fileRef = BAFF243B1A81FF210083F2B6 /* libBeaconKit.a */; };
/* End PBXBuildFile section */

/* Begin PBXContainerItemProxy section */
		8BEBAFA31A7B757E00D39EAB /* PBXContainerItemProxy */ = {
			isa = PBXContainerItemProxy;
			containerPortal = 8B03B2E81A6F9FFA003FF5CF /* Project object */;
			proxyType = 1;
			remoteGlobalIDString = 8B03B2EF1A6F9FFA003FF5CF;
			remoteInfo = CTF;
		};
/* End PBXContainerItemProxy section */

/* Begin PBXCopyFilesBuildPhase section */
		BA2BAFD51A7A2E3100FB9BD5 /* Embed Frameworks */ = {
			isa = PBXCopyFilesBuildPhase;
			buildActionMask = 2147483647;
			dstPath = "";
			dstSubfolderSpec = 10;
			files = (
			);
			name = "Embed Frameworks";
			runOnlyForDeploymentPostprocessing = 0;
		};
/* End PBXCopyFilesBuildPhase section */

/* Begin PBXFileReference section */
		8B03B2F01A6F9FFA003FF5CF /* CTF.app */ = {isa = PBXFileReference; explicitFileType = wrapper.application; includeInIndex = 0; path = CTF.app; sourceTree = BUILT_PRODUCTS_DIR; };
		8B03B2F41A6F9FFA003FF5CF /* Info.plist */ = {isa = PBXFileReference; lastKnownFileType = text.plist.xml; path = Info.plist; sourceTree = "<group>"; };
		8B03B2F51A6F9FFA003FF5CF /* main.m */ = {isa = PBXFileReference; lastKnownFileType = sourcecode.c.objc; path = main.m; sourceTree = "<group>"; };
		8B03B2F71A6F9FFA003FF5CF /* AppDelegate.h */ = {isa = PBXFileReference; lastKnownFileType = sourcecode.c.h; path = AppDelegate.h; sourceTree = "<group>"; };
		8B03B2F81A6F9FFA003FF5CF /* AppDelegate.m */ = {isa = PBXFileReference; lastKnownFileType = sourcecode.c.objc; path = AppDelegate.m; sourceTree = "<group>"; };
		8B03B2FA1A6F9FFA003FF5CF /* ViewController.h */ = {isa = PBXFileReference; lastKnownFileType = sourcecode.c.h; path = ViewController.h; sourceTree = "<group>"; };
		8B03B2FB1A6F9FFA003FF5CF /* ViewController.m */ = {isa = PBXFileReference; lastKnownFileType = sourcecode.c.objc; path = ViewController.m; sourceTree = "<group>"; };
		8B03B2FE1A6F9FFA003FF5CF /* Base */ = {isa = PBXFileReference; lastKnownFileType = file.storyboard; name = Base; path = Base.lproj/Main.storyboard; sourceTree = "<group>"; };
		8B03B3001A6F9FFA003FF5CF /* Images.xcassets */ = {isa = PBXFileReference; lastKnownFileType = folder.assetcatalog; path = Images.xcassets; sourceTree = "<group>"; };
		8B03B3031A6F9FFA003FF5CF /* Base */ = {isa = PBXFileReference; lastKnownFileType = file.xib; name = Base; path = Base.lproj/LaunchScreen.xib; sourceTree = "<group>"; };
		8B03B30E1A6F9FFA003FF5CF /* Info.plist */ = {isa = PBXFileReference; lastKnownFileType = text.plist.xml; path = Info.plist; sourceTree = "<group>"; };
		8B03B30F1A6F9FFA003FF5CF /* CTFTests.m */ = {isa = PBXFileReference; lastKnownFileType = sourcecode.c.objc; path = CTFTests.m; sourceTree = "<group>"; };
		8BEBAF9D1A7B757E00D39EAB /* CTFTests.xctest */ = {isa = PBXFileReference; explicitFileType = wrapper.cfbundle; includeInIndex = 0; path = CTFTests.xctest; sourceTree = BUILT_PRODUCTS_DIR; };
		9EC5B1BE1A7798BB001934AD /* PHLoadingViewController.h */ = {isa = PBXFileReference; fileEncoding = 4; lastKnownFileType = sourcecode.c.h; path = PHLoadingViewController.h; sourceTree = "<group>"; };
		9EC5B1BF1A7798BB001934AD /* PHLoadingViewController.m */ = {isa = PBXFileReference; fileEncoding = 4; lastKnownFileType = sourcecode.c.objc; path = PHLoadingViewController.m; sourceTree = "<group>"; };
		9EC5B1C01A7798BB001934AD /* PHLoadingViewController.xib */ = {isa = PBXFileReference; fileEncoding = 4; lastKnownFileType = file.xib; path = PHLoadingViewController.xib; sourceTree = "<group>"; };
		9EC5B1C11A7798BB001934AD /* PHBridgePushLinkViewController.h */ = {isa = PBXFileReference; fileEncoding = 4; lastKnownFileType = sourcecode.c.h; path = PHBridgePushLinkViewController.h; sourceTree = "<group>"; };
		9EC5B1C21A7798BB001934AD /* PHBridgePushLinkViewController.m */ = {isa = PBXFileReference; fileEncoding = 4; lastKnownFileType = sourcecode.c.objc; path = PHBridgePushLinkViewController.m; sourceTree = "<group>"; };
		9EC5B1C31A7798BB001934AD /* PHBridgePushLinkViewController.xib */ = {isa = PBXFileReference; fileEncoding = 4; lastKnownFileType = file.xib; path = PHBridgePushLinkViewController.xib; sourceTree = "<group>"; };
		9EC5B1C41A7798BB001934AD /* PHBridgeSelectionViewController.h */ = {isa = PBXFileReference; fileEncoding = 4; lastKnownFileType = sourcecode.c.h; path = PHBridgeSelectionViewController.h; sourceTree = "<group>"; };
		9EC5B1C51A7798BB001934AD /* PHBridgeSelectionViewController.m */ = {isa = PBXFileReference; fileEncoding = 4; lastKnownFileType = sourcecode.c.objc; path = PHBridgeSelectionViewController.m; sourceTree = "<group>"; };
		9EC5B1C61A7798BB001934AD /* PHBridgeSelectionViewController.xib */ = {isa = PBXFileReference; fileEncoding = 4; lastKnownFileType = file.xib; path = PHBridgeSelectionViewController.xib; sourceTree = "<group>"; };
		9EC5B1C81A7798BB001934AD /* press_smartbridge.png */ = {isa = PBXFileReference; lastKnownFileType = image.png; path = press_smartbridge.png; sourceTree = "<group>"; };
		9EC5B1C91A7798BB001934AD /* press_smartbridge@2x.png */ = {isa = PBXFileReference; lastKnownFileType = image.png; path = "press_smartbridge@2x.png"; sourceTree = "<group>"; };
		BA027A0F1A778B3D00ED1424 /* HueSDK_iOS.framework */ = {isa = PBXFileReference; lastKnownFileType = wrapper.framework; path = HueSDK_iOS.framework; sourceTree = "<group>"; };
		BA027A121A778B7100ED1424 /* DDAbstractDatabaseLogger.h */ = {isa = PBXFileReference; fileEncoding = 4; lastKnownFileType = sourcecode.c.h; path = DDAbstractDatabaseLogger.h; sourceTree = "<group>"; };
		BA027A131A778B7100ED1424 /* DDAbstractDatabaseLogger.m */ = {isa = PBXFileReference; fileEncoding = 4; lastKnownFileType = sourcecode.c.objc; path = DDAbstractDatabaseLogger.m; sourceTree = "<group>"; };
		BA027A141A778B7100ED1424 /* DDASLLogger.h */ = {isa = PBXFileReference; fileEncoding = 4; lastKnownFileType = sourcecode.c.h; path = DDASLLogger.h; sourceTree = "<group>"; };
		BA027A151A778B7100ED1424 /* DDASLLogger.m */ = {isa = PBXFileReference; fileEncoding = 4; lastKnownFileType = sourcecode.c.objc; path = DDASLLogger.m; sourceTree = "<group>"; };
		BA027A161A778B7100ED1424 /* DDFileLogger.h */ = {isa = PBXFileReference; fileEncoding = 4; lastKnownFileType = sourcecode.c.h; path = DDFileLogger.h; sourceTree = "<group>"; };
		BA027A171A778B7100ED1424 /* DDFileLogger.m */ = {isa = PBXFileReference; fileEncoding = 4; lastKnownFileType = sourcecode.c.objc; path = DDFileLogger.m; sourceTree = "<group>"; };
		BA027A181A778B7100ED1424 /* DDLog.h */ = {isa = PBXFileReference; fileEncoding = 4; lastKnownFileType = sourcecode.c.h; path = DDLog.h; sourceTree = "<group>"; };
		BA027A191A778B7100ED1424 /* DDLog.m */ = {isa = PBXFileReference; fileEncoding = 4; lastKnownFileType = sourcecode.c.objc; path = DDLog.m; sourceTree = "<group>"; };
		BA027A1A1A778B7100ED1424 /* DDTTYLogger.h */ = {isa = PBXFileReference; fileEncoding = 4; lastKnownFileType = sourcecode.c.h; path = DDTTYLogger.h; sourceTree = "<group>"; };
		BA027A1B1A778B7100ED1424 /* DDTTYLogger.m */ = {isa = PBXFileReference; fileEncoding = 4; lastKnownFileType = sourcecode.c.objc; path = DDTTYLogger.m; sourceTree = "<group>"; };
		BA027A1D1A778B7100ED1424 /* ContextFilterLogFormatter.h */ = {isa = PBXFileReference; fileEncoding = 4; lastKnownFileType = sourcecode.c.h; path = ContextFilterLogFormatter.h; sourceTree = "<group>"; };
		BA027A1E1A778B7100ED1424 /* ContextFilterLogFormatter.m */ = {isa = PBXFileReference; fileEncoding = 4; lastKnownFileType = sourcecode.c.objc; path = ContextFilterLogFormatter.m; sourceTree = "<group>"; };
		BA027A1F1A778B7100ED1424 /* DispatchQueueLogFormatter.h */ = {isa = PBXFileReference; fileEncoding = 4; lastKnownFileType = sourcecode.c.h; path = DispatchQueueLogFormatter.h; sourceTree = "<group>"; };
		BA027A201A778B7100ED1424 /* DispatchQueueLogFormatter.m */ = {isa = PBXFileReference; fileEncoding = 4; lastKnownFileType = sourcecode.c.objc; path = DispatchQueueLogFormatter.m; sourceTree = "<group>"; };
		BAFF243B1A81FF210083F2B6 /* libBeaconKit.a */ = {isa = PBXFileReference; lastKnownFileType = archive.ar; name = libBeaconKit.a; path = "../../../Library/Developer/Xcode/DerivedData/Beacon_Workshop-acrlykmfqoglxpcqfqqxknpkyjes/Build/Products/Debug-iphoneos/libBeaconKit.a"; sourceTree = "<group>"; };
/* End PBXFileReference section */

/* Begin PBXFrameworksBuildPhase section */
		8B03B2ED1A6F9FFA003FF5CF /* Frameworks */ = {
			isa = PBXFrameworksBuildPhase;
			buildActionMask = 2147483647;
			files = (
				BAFF243C1A81FF210083F2B6 /* libBeaconKit.a in Frameworks */,
				BA027A101A778B3D00ED1424 /* HueSDK_iOS.framework in Frameworks */,
			);
			runOnlyForDeploymentPostprocessing = 0;
		};
		8BEBAF9A1A7B757E00D39EAB /* Frameworks */ = {
			isa = PBXFrameworksBuildPhase;
			buildActionMask = 2147483647;
			files = (
			);
			runOnlyForDeploymentPostprocessing = 0;
		};
/* End PBXFrameworksBuildPhase section */

/* Begin PBXGroup section */
		8B03B2E71A6F9FFA003FF5CF = {
			isa = PBXGroup;
			children = (
				8B03B2F21A6F9FFA003FF5CF /* CTF */,
				8B03B30C1A6F9FFA003FF5CF /* CTFTests */,
				8B03B2F11A6F9FFA003FF5CF /* Products */,
			);
			sourceTree = "<group>";
		};
		8B03B2F11A6F9FFA003FF5CF /* Products */ = {
			isa = PBXGroup;
			children = (
				8B03B2F01A6F9FFA003FF5CF /* CTF.app */,
				8BEBAF9D1A7B757E00D39EAB /* CTFTests.xctest */,
			);
			name = Products;
			sourceTree = "<group>";
		};
		8B03B2F21A6F9FFA003FF5CF /* CTF */ = {
			isa = PBXGroup;
			children = (
				9EC5B1BC1A7798BB001934AD /* SDKWizard */,
				8B03B2F71A6F9FFA003FF5CF /* AppDelegate.h */,
				8B03B2F81A6F9FFA003FF5CF /* AppDelegate.m */,
				8B03B2FA1A6F9FFA003FF5CF /* ViewController.h */,
				8B03B2FB1A6F9FFA003FF5CF /* ViewController.m */,
				8B03B2FD1A6F9FFA003FF5CF /* Main.storyboard */,
				8B03B3001A6F9FFA003FF5CF /* Images.xcassets */,
				8B03B3021A6F9FFA003FF5CF /* LaunchScreen.xib */,
				8B03B2F31A6F9FFA003FF5CF /* Supporting Files */,
				8B6A7F091A777BF9001BB995 /* Frameworks */,
			);
			path = CTF;
			sourceTree = "<group>";
		};
		8B03B2F31A6F9FFA003FF5CF /* Supporting Files */ = {
			isa = PBXGroup;
			children = (
				8B03B2F41A6F9FFA003FF5CF /* Info.plist */,
				8B03B2F51A6F9FFA003FF5CF /* main.m */,
			);
			name = "Supporting Files";
			sourceTree = "<group>";
		};
		8B03B30C1A6F9FFA003FF5CF /* CTFTests */ = {
			isa = PBXGroup;
			children = (
				8B03B30F1A6F9FFA003FF5CF /* CTFTests.m */,
				8B03B30D1A6F9FFA003FF5CF /* Supporting Files */,
			);
			path = CTFTests;
			sourceTree = "<group>";
		};
		8B03B30D1A6F9FFA003FF5CF /* Supporting Files */ = {
			isa = PBXGroup;
			children = (
				8B03B30E1A6F9FFA003FF5CF /* Info.plist */,
			);
			name = "Supporting Files";
			sourceTree = "<group>";
		};
		8B6A7F091A777BF9001BB995 /* Frameworks */ = {
			isa = PBXGroup;
			children = (
				BAFF243B1A81FF210083F2B6 /* libBeaconKit.a */,
				BA027A111A778B7100ED1424 /* Lumberjack */,
				BA027A0F1A778B3D00ED1424 /* HueSDK_iOS.framework */,
			);
			name = Frameworks;
			sourceTree = "<group>";
		};
		9EC5B1BC1A7798BB001934AD /* SDKWizard */ = {
			isa = PBXGroup;
			children = (
				9EC5B1BD1A7798BB001934AD /* LoadingView */,
				9EC5B1C11A7798BB001934AD /* PHBridgePushLinkViewController.h */,
				9EC5B1C21A7798BB001934AD /* PHBridgePushLinkViewController.m */,
				9EC5B1C31A7798BB001934AD /* PHBridgePushLinkViewController.xib */,
				9EC5B1C41A7798BB001934AD /* PHBridgeSelectionViewController.h */,
				9EC5B1C51A7798BB001934AD /* PHBridgeSelectionViewController.m */,
				9EC5B1C61A7798BB001934AD /* PHBridgeSelectionViewController.xib */,
				9EC5B1C71A7798BB001934AD /* Resources */,
			);
			path = SDKWizard;
			sourceTree = "<group>";
		};
		9EC5B1BD1A7798BB001934AD /* LoadingView */ = {
			isa = PBXGroup;
			children = (
				9EC5B1BE1A7798BB001934AD /* PHLoadingViewController.h */,
				9EC5B1BF1A7798BB001934AD /* PHLoadingViewController.m */,
				9EC5B1C01A7798BB001934AD /* PHLoadingViewController.xib */,
			);
			path = LoadingView;
			sourceTree = "<group>";
		};
		9EC5B1C71A7798BB001934AD /* Resources */ = {
			isa = PBXGroup;
			children = (
				9EC5B1C81A7798BB001934AD /* press_smartbridge.png */,
				9EC5B1C91A7798BB001934AD /* press_smartbridge@2x.png */,
			);
			path = Resources;
			sourceTree = "<group>";
		};
		BA027A111A778B7100ED1424 /* Lumberjack */ = {
			isa = PBXGroup;
			children = (
				BA027A121A778B7100ED1424 /* DDAbstractDatabaseLogger.h */,
				BA027A131A778B7100ED1424 /* DDAbstractDatabaseLogger.m */,
				BA027A141A778B7100ED1424 /* DDASLLogger.h */,
				BA027A151A778B7100ED1424 /* DDASLLogger.m */,
				BA027A161A778B7100ED1424 /* DDFileLogger.h */,
				BA027A171A778B7100ED1424 /* DDFileLogger.m */,
				BA027A181A778B7100ED1424 /* DDLog.h */,
				BA027A191A778B7100ED1424 /* DDLog.m */,
				BA027A1A1A778B7100ED1424 /* DDTTYLogger.h */,
				BA027A1B1A778B7100ED1424 /* DDTTYLogger.m */,
				BA027A1C1A778B7100ED1424 /* Extensions */,
			);
			path = Lumberjack;
			sourceTree = "<group>";
		};
		BA027A1C1A778B7100ED1424 /* Extensions */ = {
			isa = PBXGroup;
			children = (
				BA027A1D1A778B7100ED1424 /* ContextFilterLogFormatter.h */,
				BA027A1E1A778B7100ED1424 /* ContextFilterLogFormatter.m */,
				BA027A1F1A778B7100ED1424 /* DispatchQueueLogFormatter.h */,
				BA027A201A778B7100ED1424 /* DispatchQueueLogFormatter.m */,
			);
			path = Extensions;
			sourceTree = "<group>";
		};
/* End PBXGroup section */

/* Begin PBXNativeTarget section */
		8B03B2EF1A6F9FFA003FF5CF /* CTF */ = {
			isa = PBXNativeTarget;
			buildConfigurationList = 8B03B3131A6F9FFA003FF5CF /* Build configuration list for PBXNativeTarget "CTF" */;
			buildPhases = (
				8B03B2EC1A6F9FFA003FF5CF /* Sources */,
				8B03B2ED1A6F9FFA003FF5CF /* Frameworks */,
				8B03B2EE1A6F9FFA003FF5CF /* Resources */,
				BA2BAFD51A7A2E3100FB9BD5 /* Embed Frameworks */,
			);
			buildRules = (
			);
			dependencies = (
			);
			name = CTF;
			productName = CTF;
			productReference = 8B03B2F01A6F9FFA003FF5CF /* CTF.app */;
			productType = "com.apple.product-type.application";
		};
		8BEBAF9C1A7B757E00D39EAB /* CTFTests */ = {
			isa = PBXNativeTarget;
			buildConfigurationList = 8BEBAFA71A7B757E00D39EAB /* Build configuration list for PBXNativeTarget "CTFTests" */;
			buildPhases = (
				8BEBAF991A7B757E00D39EAB /* Sources */,
				8BEBAF9A1A7B757E00D39EAB /* Frameworks */,
				8BEBAF9B1A7B757E00D39EAB /* Resources */,
			);
			buildRules = (
			);
			dependencies = (
				8BEBAFA41A7B757E00D39EAB /* PBXTargetDependency */,
			);
			name = CTFTests;
			productName = CTFTests;
			productReference = 8BEBAF9D1A7B757E00D39EAB /* CTFTests.xctest */;
			productType = "com.apple.product-type.bundle.unit-test";
		};
/* End PBXNativeTarget section */

/* Begin PBXProject section */
		8B03B2E81A6F9FFA003FF5CF /* Project object */ = {
			isa = PBXProject;
			attributes = {
				LastUpgradeCheck = 0610;
				ORGANIZATIONNAME = ACME;
				TargetAttributes = {
					8B03B2EF1A6F9FFA003FF5CF = {
						CreatedOnToolsVersion = 6.1.1;
						DevelopmentTeam = Q79FTA4VEX;
					};
					8BEBAF9C1A7B757E00D39EAB = {
						CreatedOnToolsVersion = 6.1.1;
						TestTargetID = 8B03B2EF1A6F9FFA003FF5CF;
					};
				};
			};
			buildConfigurationList = 8B03B2EB1A6F9FFA003FF5CF /* Build configuration list for PBXProject "CTF" */;
			compatibilityVersion = "Xcode 3.2";
			developmentRegion = English;
			hasScannedForEncodings = 0;
			knownRegions = (
				en,
				Base,
			);
			mainGroup = 8B03B2E71A6F9FFA003FF5CF;
			productRefGroup = 8B03B2F11A6F9FFA003FF5CF /* Products */;
			projectDirPath = "";
			projectRoot = "";
			targets = (
				8B03B2EF1A6F9FFA003FF5CF /* CTF */,
				8BEBAF9C1A7B757E00D39EAB /* CTFTests */,
			);
		};
/* End PBXProject section */

/* Begin PBXResourcesBuildPhase section */
		8B03B2EE1A6F9FFA003FF5CF /* Resources */ = {
			isa = PBXResourcesBuildPhase;
			buildActionMask = 2147483647;
			files = (
				9EC5B1CF1A7798BB001934AD /* PHBridgeSelectionViewController.xib in Resources */,
				9EC5B1D01A7798BB001934AD /* press_smartbridge.png in Resources */,
				8B03B2FF1A6F9FFA003FF5CF /* Main.storyboard in Resources */,
				9EC5B1CD1A7798BB001934AD /* PHBridgePushLinkViewController.xib in Resources */,
				9EC5B1CB1A7798BB001934AD /* PHLoadingViewController.xib in Resources */,
				9EC5B1D11A7798BB001934AD /* press_smartbridge@2x.png in Resources */,
				8B03B3041A6F9FFA003FF5CF /* LaunchScreen.xib in Resources */,
				8B03B3011A6F9FFA003FF5CF /* Images.xcassets in Resources */,
			);
			runOnlyForDeploymentPostprocessing = 0;
		};
		8BEBAF9B1A7B757E00D39EAB /* Resources */ = {
			isa = PBXResourcesBuildPhase;
			buildActionMask = 2147483647;
			files = (
			);
			runOnlyForDeploymentPostprocessing = 0;
		};
/* End PBXResourcesBuildPhase section */

/* Begin PBXSourcesBuildPhase section */
		8B03B2EC1A6F9FFA003FF5CF /* Sources */ = {
			isa = PBXSourcesBuildPhase;
			buildActionMask = 2147483647;
			files = (
				BA027A241A778B7100ED1424 /* DDLog.m in Sources */,
				BA027A251A778B7100ED1424 /* DDTTYLogger.m in Sources */,
				9EC5B1CC1A7798BB001934AD /* PHBridgePushLinkViewController.m in Sources */,
				8B03B2FC1A6F9FFA003FF5CF /* ViewController.m in Sources */,
				BA027A231A778B7100ED1424 /* DDFileLogger.m in Sources */,
				9EC5B1CE1A7798BB001934AD /* PHBridgeSelectionViewController.m in Sources */,
				8B03B2F91A6F9FFA003FF5CF /* AppDelegate.m in Sources */,
				BA027A271A778B7100ED1424 /* DispatchQueueLogFormatter.m in Sources */,
				BA027A211A778B7100ED1424 /* DDAbstractDatabaseLogger.m in Sources */,
				8B03B2F61A6F9FFA003FF5CF /* main.m in Sources */,
				9EC5B1CA1A7798BB001934AD /* PHLoadingViewController.m in Sources */,
				BA027A221A778B7100ED1424 /* DDASLLogger.m in Sources */,
				BA027A261A778B7100ED1424 /* ContextFilterLogFormatter.m in Sources */,
			);
			runOnlyForDeploymentPostprocessing = 0;
		};
		8BEBAF991A7B757E00D39EAB /* Sources */ = {
			isa = PBXSourcesBuildPhase;
			buildActionMask = 2147483647;
			files = (
			);
			runOnlyForDeploymentPostprocessing = 0;
		};
/* End PBXSourcesBuildPhase section */

/* Begin PBXTargetDependency section */
		8BEBAFA41A7B757E00D39EAB /* PBXTargetDependency */ = {
			isa = PBXTargetDependency;
			target = 8B03B2EF1A6F9FFA003FF5CF /* CTF */;
			targetProxy = 8BEBAFA31A7B757E00D39EAB /* PBXContainerItemProxy */;
		};
/* End PBXTargetDependency section */

/* Begin PBXVariantGroup section */
		8B03B2FD1A6F9FFA003FF5CF /* Main.storyboard */ = {
			isa = PBXVariantGroup;
			children = (
				8B03B2FE1A6F9FFA003FF5CF /* Base */,
			);
			name = Main.storyboard;
			sourceTree = "<group>";
		};
		8B03B3021A6F9FFA003FF5CF /* LaunchScreen.xib */ = {
			isa = PBXVariantGroup;
			children = (
				8B03B3031A6F9FFA003FF5CF /* Base */,
			);
			name = LaunchScreen.xib;
			sourceTree = "<group>";
		};
/* End PBXVariantGroup section */

/* Begin XCBuildConfiguration section */
		8B03B3111A6F9FFA003FF5CF /* Debug */ = {
			isa = XCBuildConfiguration;
			buildSettings = {
				ALWAYS_SEARCH_USER_PATHS = NO;
				CLANG_CXX_LANGUAGE_STANDARD = "gnu++0x";
				CLANG_CXX_LIBRARY = "libc++";
				CLANG_ENABLE_MODULES = YES;
				CLANG_ENABLE_OBJC_ARC = YES;
				CLANG_WARN_BOOL_CONVERSION = YES;
				CLANG_WARN_CONSTANT_CONVERSION = YES;
				CLANG_WARN_DIRECT_OBJC_ISA_USAGE = YES_ERROR;
				CLANG_WARN_EMPTY_BODY = YES;
				CLANG_WARN_ENUM_CONVERSION = YES;
				CLANG_WARN_INT_CONVERSION = YES;
				CLANG_WARN_OBJC_ROOT_CLASS = YES_ERROR;
				CLANG_WARN_UNREACHABLE_CODE = YES;
				CLANG_WARN__DUPLICATE_METHOD_MATCH = YES;
				CODE_SIGN_IDENTITY = "iPhone Developer";
				"CODE_SIGN_IDENTITY[sdk=iphoneos*]" = "iPhone Developer";
				COPY_PHASE_STRIP = NO;
				ENABLE_STRICT_OBJC_MSGSEND = YES;
				GCC_C_LANGUAGE_STANDARD = gnu99;
				GCC_DYNAMIC_NO_PIC = NO;
				GCC_OPTIMIZATION_LEVEL = 0;
				GCC_PREPROCESSOR_DEFINITIONS = (
					"DEBUG=1",
					"$(inherited)",
				);
				GCC_SYMBOLS_PRIVATE_EXTERN = NO;
				GCC_WARN_64_TO_32_BIT_CONVERSION = YES;
				GCC_WARN_ABOUT_RETURN_TYPE = YES_ERROR;
				GCC_WARN_UNDECLARED_SELECTOR = YES;
				GCC_WARN_UNINITIALIZED_AUTOS = YES_AGGRESSIVE;
				GCC_WARN_UNUSED_FUNCTION = YES;
				GCC_WARN_UNUSED_VARIABLE = YES;
				IPHONEOS_DEPLOYMENT_TARGET = 8.1;
				MTL_ENABLE_DEBUG_INFO = YES;
				ONLY_ACTIVE_ARCH = YES;
				SDKROOT = iphoneos;
			};
			name = Debug;
		};
		8B03B3121A6F9FFA003FF5CF /* Release */ = {
			isa = XCBuildConfiguration;
			buildSettings = {
				ALWAYS_SEARCH_USER_PATHS = NO;
				CLANG_CXX_LANGUAGE_STANDARD = "gnu++0x";
				CLANG_CXX_LIBRARY = "libc++";
				CLANG_ENABLE_MODULES = YES;
				CLANG_ENABLE_OBJC_ARC = YES;
				CLANG_WARN_BOOL_CONVERSION = YES;
				CLANG_WARN_CONSTANT_CONVERSION = YES;
				CLANG_WARN_DIRECT_OBJC_ISA_USAGE = YES_ERROR;
				CLANG_WARN_EMPTY_BODY = YES;
				CLANG_WARN_ENUM_CONVERSION = YES;
				CLANG_WARN_INT_CONVERSION = YES;
				CLANG_WARN_OBJC_ROOT_CLASS = YES_ERROR;
				CLANG_WARN_UNREACHABLE_CODE = YES;
				CLANG_WARN__DUPLICATE_METHOD_MATCH = YES;
				CODE_SIGN_IDENTITY = "iPhone Developer";
				"CODE_SIGN_IDENTITY[sdk=iphoneos*]" = "iPhone Developer";
				COPY_PHASE_STRIP = YES;
				ENABLE_NS_ASSERTIONS = NO;
				ENABLE_STRICT_OBJC_MSGSEND = YES;
				GCC_C_LANGUAGE_STANDARD = gnu99;
				GCC_WARN_64_TO_32_BIT_CONVERSION = YES;
				GCC_WARN_ABOUT_RETURN_TYPE = YES_ERROR;
				GCC_WARN_UNDECLARED_SELECTOR = YES;
				GCC_WARN_UNINITIALIZED_AUTOS = YES_AGGRESSIVE;
				GCC_WARN_UNUSED_FUNCTION = YES;
				GCC_WARN_UNUSED_VARIABLE = YES;
				IPHONEOS_DEPLOYMENT_TARGET = 8.1;
				MTL_ENABLE_DEBUG_INFO = NO;
				SDKROOT = iphoneos;
				VALIDATE_PRODUCT = YES;
			};
			name = Release;
		};
		8B03B3141A6F9FFA003FF5CF /* Debug */ = {
			isa = XCBuildConfiguration;
			buildSettings = {
				ASSETCATALOG_COMPILER_APPICON_NAME = AppIcon;
				CODE_SIGN_IDENTITY = "iPhone Developer";
				"CODE_SIGN_IDENTITY[sdk=iphoneos*]" = "iPhone Developer";
				FRAMEWORK_SEARCH_PATHS = (
					"$(inherited)",
					"$(PROJECT_DIR)/CTF",
					"$(USER_LIBRARY_DIR)/Developer/Xcode/DerivedData/HomeKit_Workshop-goxyvjzztlqtlqejflvayzyjliuo/Build/Products/Debug-iphoneos",
					"$(USER_LIBRARY_DIR)/Developer/Xcode/DerivedData/Build/Products/Debug-iphoneos",
				);
				INFOPLIST_FILE = CTF/Info.plist;
				LD_RUNPATH_SEARCH_PATHS = "$(inherited) @executable_path/Frameworks";
				LIBRARY_SEARCH_PATHS = (
					"$(inherited)",
					"/Users/lukasz.kuczborski/Development/HomeKit_Workshop/BeaconKit/build/Debug-iphoneos",
					"$(USER_LIBRARY_DIR)/Developer/Xcode/DerivedData/HomeKit_Workshop-aiurmeqzxztbhoaoktdnarvepwou/Build/Products/Debug-iphoneos",
					"$(USER_LIBRARY_DIR)/Developer/Xcode/DerivedData/Beacon_Workshop-acrlykmfqoglxpcqfqqxknpkyjes/Build/Products/Debug-iphoneos",
				);
				OTHER_LDFLAGS = "-ObjC";
				PRODUCT_NAME = "$(TARGET_NAME)";
				PROVISIONING_PROFILE = "";
			};
			name = Debug;
		};
		8B03B3151A6F9FFA003FF5CF /* Release */ = {
			isa = XCBuildConfiguration;
			buildSettings = {
				ASSETCATALOG_COMPILER_APPICON_NAME = AppIcon;
				CODE_SIGN_IDENTITY = "iPhone Developer";
				"CODE_SIGN_IDENTITY[sdk=iphoneos*]" = "iPhone Developer";
				FRAMEWORK_SEARCH_PATHS = (
					"$(inherited)",
					"$(PROJECT_DIR)/CTF",
					"$(USER_LIBRARY_DIR)/Developer/Xcode/DerivedData/HomeKit_Workshop-goxyvjzztlqtlqejflvayzyjliuo/Build/Products/Debug-iphoneos",
					"$(USER_LIBRARY_DIR)/Developer/Xcode/DerivedData/Build/Products/Debug-iphoneos",
				);
				INFOPLIST_FILE = CTF/Info.plist;
				LD_RUNPATH_SEARCH_PATHS = "$(inherited) @executable_path/Frameworks";
				LIBRARY_SEARCH_PATHS = (
					"$(inherited)",
					"/Users/lukasz.kuczborski/Development/HomeKit_Workshop/BeaconKit/build/Debug-iphoneos",
					"$(USER_LIBRARY_DIR)/Developer/Xcode/DerivedData/HomeKit_Workshop-aiurmeqzxztbhoaoktdnarvepwou/Build/Products/Debug-iphoneos",
					"$(USER_LIBRARY_DIR)/Developer/Xcode/DerivedData/Beacon_Workshop-acrlykmfqoglxpcqfqqxknpkyjes/Build/Products/Debug-iphoneos",
				);
				OTHER_LDFLAGS = "-ObjC";
				PRODUCT_NAME = "$(TARGET_NAME)";
				PROVISIONING_PROFILE = "";
			};
			name = Release;
		};
		8BEBAFA51A7B757E00D39EAB /* Debug */ = {
			isa = XCBuildConfiguration;
			buildSettings = {
				BUNDLE_LOADER = "$(TEST_HOST)";
				FRAMEWORK_SEARCH_PATHS = (
					"$(SDKROOT)/Developer/Library/Frameworks",
					"$(inherited)",
				);
				GCC_PREPROCESSOR_DEFINITIONS = (
					"DEBUG=1",
					"$(inherited)",
				);
				INFOPLIST_FILE = CTFTests/Info.plist;
				LD_RUNPATH_SEARCH_PATHS = "$(inherited) @executable_path/Frameworks @loader_path/Frameworks";
				PRODUCT_NAME = "$(TARGET_NAME)";
				TEST_HOST = "$(BUILT_PRODUCTS_DIR)/CTF.app/CTF";
			};
			name = Debug;
		};
		8BEBAFA61A7B757E00D39EAB /* Release */ = {
			isa = XCBuildConfiguration;
			buildSettings = {
				BUNDLE_LOADER = "$(TEST_HOST)";
				FRAMEWORK_SEARCH_PATHS = (
					"$(SDKROOT)/Developer/Library/Frameworks",
					"$(inherited)",
				);
				INFOPLIST_FILE = CTFTests/Info.plist;
				LD_RUNPATH_SEARCH_PATHS = "$(inherited) @executable_path/Frameworks @loader_path/Frameworks";
				PRODUCT_NAME = "$(TARGET_NAME)";
				TEST_HOST = "$(BUILT_PRODUCTS_DIR)/CTF.app/CTF";
			};
			name = Release;
		};
/* End XCBuildConfiguration section */

/* Begin XCConfigurationList section */
		8B03B2EB1A6F9FFA003FF5CF /* Build configuration list for PBXProject "CTF" */ = {
			isa = XCConfigurationList;
			buildConfigurations = (
				8B03B3111A6F9FFA003FF5CF /* Debug */,
				8B03B3121A6F9FFA003FF5CF /* Release */,
			);
			defaultConfigurationIsVisible = 0;
			defaultConfigurationName = Release;
		};
		8B03B3131A6F9FFA003FF5CF /* Build configuration list for PBXNativeTarget "CTF" */ = {
			isa = XCConfigurationList;
			buildConfigurations = (
				8B03B3141A6F9FFA003FF5CF /* Debug */,
				8B03B3151A6F9FFA003FF5CF /* Release */,
			);
			defaultConfigurationIsVisible = 0;
			defaultConfigurationName = Release;
		};
		8BEBAFA71A7B757E00D39EAB /* Build configuration list for PBXNativeTarget "CTFTests" */ = {
			isa = XCConfigurationList;
			buildConfigurations = (
				8BEBAFA51A7B757E00D39EAB /* Debug */,
				8BEBAFA61A7B757E00D39EAB /* Release */,
			);
			defaultConfigurationIsVisible = 0;
			defaultConfigurationName = Release;
		};
/* End XCConfigurationList section */
	};
	rootObject = 8B03B2E81A6F9FFA003FF5CF /* Project object */;
}
